{
  "object": {
    "pins": [
      {
        "package": "AppStorage",
        "repositoryURL": "https://github.com/xavierLowmiller/AppStorage.git",
        "state": {
          "branch": null,
          "revision": "dfc26527f7c1ea1880b1913053bc5f380e63eaa1",
          "version": "1.0.4"
        }
      },
      {
        "package": "LoginServiceKit",
        "repositoryURL": "https://github.com/Clipy/LoginServiceKit",
        "state": {
          "branch": null,
          "revision": "e35be754ca2409ceada3825ac80461ecbad3c11f",
          "version": "2.2.1"
        }
      }
    ]
  },
  "version": 1
}
