{
  "object": {
    "pins": [
      {
        "package": "LoginServiceKit",
        "repositoryURL": "https://github.com/Clipy/LoginServiceKit",
        "state": {
          "branch": null,
          "revision": "04a1379908432bc4e304b38c831d573b1943b3fa",
          "version": null
        }
      },
      {
        "package": "LRUCache",
        "repositoryURL": "https://github.com/nicklockwood/LRUCache.git",
        "state": {
          "branch": null,
          "revision": "40039c212a82a044c0e2aff5c9f1daaf1f1f0624",
          "version": "1.0.2"
        }
      },
      {
        "package": "Sparkle",
        "repositoryURL": "https://github.com/lujjjh/Sparkle",
        "state": {
          "branch": null,
          "revision": "c5bbe104783ab24d31379e22c35c7de0f107dc4a",
          "version": "2.0.1"
        }
      }
    ]
  },
  "version": 1
}
