// !$*UTF8*$!
{
	archiveVersion = 1;
	classes = {
	};
	objectVersion = 52;
	objects = {

/* Begin PBXBuildFile section */
		36EBC3223E2CEE09F84076D8 /* Process.m in Sources */ = {isa = PBXBuildFile; fileRef = 36EBC80F80AD57E8226267BF /* Process.m */; };
		9704BA992976E84C00C8B06D /* SettingsState.swift in Sources */ = {isa = PBXBuildFile; fileRef = 9704BA982976E84C00C8B06D /* SettingsState.swift */; };
		971338AF289B64C1005A74D2 /* HelpButton.swift in Sources */ = {isa = PBXBuildFile; fileRef = 971338AE289B64C1005A74D2 /* HelpButton.swift */; };
		972327A5299146AA0041538A /* ImplicitOptional.swift in Sources */ = {isa = PBXBuildFile; fileRef = 972327A4299146AA0041538A /* ImplicitOptional.swift */; };
		972327A929914C1C0041538A /* ImplicitOptionalTests.swift in Sources */ = {isa = PBXBuildFile; fileRef = 972327A829914C1C0041538A /* ImplicitOptionalTests.swift */; };
		972327AD29924C850041538A /* ScrollingSettingsState.swift in Sources */ = {isa = PBXBuildFile; fileRef = 972327AC29924C840041538A /* ScrollingSettingsState.swift */; };
		972327AF29928FBD0041538A /* Header.swift in Sources */ = {isa = PBXBuildFile; fileRef = 972327AE29928FBD0041538A /* Header.swift */; };
		972327B12992912F0041538A /* ReverseScrollingSection.swift in Sources */ = {isa = PBXBuildFile; fileRef = 972327B02992912F0041538A /* ReverseScrollingSection.swift */; };
		972327B3299291860041538A /* ScrollingModeSection.swift in Sources */ = {isa = PBXBuildFile; fileRef = 972327B2299291860041538A /* ScrollingModeSection.swift */; };
		972327B5299291F40041538A /* ModifierKeysSection.swift in Sources */ = {isa = PBXBuildFile; fileRef = 972327B4299291F40041538A /* ModifierKeysSection.swift */; };
		972A5E1F285CA43D00CB6440 /* DevicePickerSheet.swift in Sources */ = {isa = PBXBuildFile; fileRef = 972A5E1E285CA43D00CB6440 /* DevicePickerSheet.swift */; };
		972A5E22285CA49800CB6440 /* DevicePicker.swift in Sources */ = {isa = PBXBuildFile; fileRef = 972A5E21285CA49800CB6440 /* DevicePicker.swift */; };
		972A5E24285CA4AA00CB6440 /* DevicePickerState.swift in Sources */ = {isa = PBXBuildFile; fileRef = 972A5E23285CA4AA00CB6440 /* DevicePickerState.swift */; };
		972A5E28285D4EB500CB6440 /* DevicePickerSection.swift in Sources */ = {isa = PBXBuildFile; fileRef = 972A5E27285D4EB500CB6440 /* DevicePickerSection.swift */; };
		972A5E2A285D5D0100CB6440 /* DeviceButtonStyle.swift in Sources */ = {isa = PBXBuildFile; fileRef = 972A5E29285D5D0100CB6440 /* DeviceButtonStyle.swift */; };
		972A5E2D285D882500CB6440 /* DeviceState.swift in Sources */ = {isa = PBXBuildFile; fileRef = 972A5E2C285D882500CB6440 /* DeviceState.swift */; };
		972A5E30285D891100CB6440 /* Defaults in Frameworks */ = {isa = PBXBuildFile; productRef = 972A5E2F285D891100CB6440 /* Defaults */; };
		972A5E32285D8B5B00CB6440 /* DeviceMatcher.swift in Sources */ = {isa = PBXBuildFile; fileRef = 972A5E31285D8B5B00CB6440 /* DeviceMatcher.swift */; };
		972AFBAE29A10F80001C5099 /* ApplicationBundle.swift in Sources */ = {isa = PBXBuildFile; fileRef = 972AFBAD29A10F80001C5099 /* ApplicationBundle.swift */; };
		972AFD452851C101009B0CBF /* AccessibilityPermissionView.swift in Sources */ = {isa = PBXBuildFile; fileRef = 972AFD442851C101009B0CBF /* AccessibilityPermissionView.swift */; };
		972AFD472851E6B0009B0CBF /* AccessibilityPermission.swift in Sources */ = {isa = PBXBuildFile; fileRef = 972AFD462851E6B0009B0CBF /* AccessibilityPermission.swift */; };
		972AFD492851E96D009B0CBF /* AccessibilityPermissionWindow.swift in Sources */ = {isa = PBXBuildFile; fileRef = 972AFD482851E96D009B0CBF /* AccessibilityPermissionWindow.swift */; };
		972DF6312859756700B83932 /* ProcessEnvironment.swift in Sources */ = {isa = PBXBuildFile; fileRef = 972DF6302859756700B83932 /* ProcessEnvironment.swift */; };
		972DF63A285997CD00B83932 /* Sidebar.swift in Sources */ = {isa = PBXBuildFile; fileRef = 972DF639285997CD00B83932 /* Sidebar.swift */; };
		972DF6422859C1AC00B83932 /* SidebarItem.swift in Sources */ = {isa = PBXBuildFile; fileRef = 972DF6412859C1AC00B83932 /* SidebarItem.swift */; };
		972DF646285A269500B83932 /* SchemeIndicator.swift in Sources */ = {isa = PBXBuildFile; fileRef = 972DF645285A269500B83932 /* SchemeIndicator.swift */; };
		972DF649285A26F700B83932 /* DeviceIndicator.swift in Sources */ = {isa = PBXBuildFile; fileRef = 972DF648285A26F700B83932 /* DeviceIndicator.swift */; };
		972DF64C285A298600B83932 /* DetailView.swift in Sources */ = {isa = PBXBuildFile; fileRef = 972DF64B285A298600B83932 /* DetailView.swift */; };
		972DF64F285A2D7C00B83932 /* SecondaryButtonStyle.swift in Sources */ = {isa = PBXBuildFile; fileRef = 972DF64E285A2D7C00B83932 /* SecondaryButtonStyle.swift */; };
		972DF651285A35B100B83932 /* DeviceIndicatorState.swift in Sources */ = {isa = PBXBuildFile; fileRef = 972DF650285A35B100B83932 /* DeviceIndicatorState.swift */; };
		972DF654285ADE9600B83932 /* GeneralSettings.swift in Sources */ = {isa = PBXBuildFile; fileRef = 972DF653285ADE9600B83932 /* GeneralSettings.swift */; };
		972DF65B285AEABA00B83932 /* ButtonsSettings.swift in Sources */ = {isa = PBXBuildFile; fileRef = 972DF65A285AEABA00B83932 /* ButtonsSettings.swift */; };
		9731B40529D7D86800FC3C24 /* ButtonMappingButtonRecorder.swift in Sources */ = {isa = PBXBuildFile; fileRef = 9731B40429D7D86800FC3C24 /* ButtonMappingButtonRecorder.swift */; };
		9731B40729D7DAC600FC3C24 /* View.swift in Sources */ = {isa = PBXBuildFile; fileRef = 9731B40629D7DAC600FC3C24 /* View.swift */; };
		9731B40B29D7FE1D00FC3C24 /* ButtonMappingActionPicker.swift in Sources */ = {isa = PBXBuildFile; fileRef = 9731B40A29D7FE1D00FC3C24 /* ButtonMappingActionPicker.swift */; };
		97353386297ED84600C1B5D0 /* ScrollingAccelerationSpeedAdjustmentTransformer.swift in Sources */ = {isa = PBXBuildFile; fileRef = 97353385297ED84600C1B5D0 /* ScrollingAccelerationSpeedAdjustmentTransformer.swift */; };
		9735338F297F8EE200C1B5D0 /* FormViewModifier.swift in Sources */ = {isa = PBXBuildFile; fileRef = 9735338E297F8EE200C1B5D0 /* FormViewModifier.swift */; };
		973ADFCE29E2F18C00443649 /* LoggingSection.swift in Sources */ = {isa = PBXBuildFile; fileRef = 973ADFCD29E2F18C00443649 /* LoggingSection.swift */; };
		973EB9FE287EE7D90069A8EF /* Action.swift in Sources */ = {isa = PBXBuildFile; fileRef = 973EB9FD287EE7D90069A8EF /* Action.swift */; };
		9757BB9629935445002333AA /* Bidirectional.swift in Sources */ = {isa = PBXBuildFile; fileRef = 9757BB9529935445002333AA /* Bidirectional.swift */; };
		9757BB9A29935474002333AA /* BidirectionalTests.swift in Sources */ = {isa = PBXBuildFile; fileRef = 9757BB9929935474002333AA /* BidirectionalTests.swift */; };
		975805592A24CF0F0046E55E /* Action+CustomStringConvertible.swift in Sources */ = {isa = PBXBuildFile; fileRef = 975805582A24CF0F0046E55E /* Action+CustomStringConvertible.swift */; };
		9758055B2A24CF800046E55E /* Action+Codable.swift in Sources */ = {isa = PBXBuildFile; fileRef = 9758055A2A24CF800046E55E /* Action+Codable.swift */; };
		9766C4B4299E03B900FA3A9C /* AppIndicator.swift in Sources */ = {isa = PBXBuildFile; fileRef = 9766C4B3299E03B900FA3A9C /* AppIndicator.swift */; };
		9766C4B8299E199200FA3A9C /* AppPickerSheet.swift in Sources */ = {isa = PBXBuildFile; fileRef = 9766C4B7299E199200FA3A9C /* AppPickerSheet.swift */; };
		9766C4BA299E1A1400FA3A9C /* AppPicker.swift in Sources */ = {isa = PBXBuildFile; fileRef = 9766C4B9299E1A1400FA3A9C /* AppPicker.swift */; };
		9766C4BC299E1C5C00FA3A9C /* AppPickerState.swift in Sources */ = {isa = PBXBuildFile; fileRef = 9766C4BB299E1C5C00FA3A9C /* AppPickerState.swift */; };
		977638F9286BE9EE00A698B6 /* PublishedObject in Frameworks */ = {isa = PBXBuildFile; productRef = 977638F8286BE9EE00A698B6 /* PublishedObject */; };
		978DBC9C29A60D92002259B3 /* UniversalBackForwardSection.swift in Sources */ = {isa = PBXBuildFile; fileRef = 978DBC9B29A60D92002259B3 /* UniversalBackForwardSection.swift */; };
		978DBC9E29A60E2F002259B3 /* ClickDebouncingSection.swift in Sources */ = {isa = PBXBuildFile; fileRef = 978DBC9D29A60E2F002259B3 /* ClickDebouncingSection.swift */; };
		978DBCA029A61D50002259B3 /* ClickDebouncingTransformer.swift in Sources */ = {isa = PBXBuildFile; fileRef = 978DBC9F29A61D50002259B3 /* ClickDebouncingTransformer.swift */; };
		978DBCA329A663EB002259B3 /* ClickDebouncing.swift in Sources */ = {isa = PBXBuildFile; fileRef = 978DBCA229A663EB002259B3 /* ClickDebouncing.swift */; };
		978DBCA629AB1732002259B3 /* JSONPatcher in Frameworks */ = {isa = PBXBuildFile; productRef = 978DBCA529AB1732002259B3 /* JSONPatcher */; };
		97A13AD2287094FB002F6193 /* Distance.swift in Sources */ = {isa = PBXBuildFile; fileRef = 97A13AD1287094FB002F6193 /* Distance.swift */; };
		97A2F60A29508AD800F31122 /* EventTransformerManager.swift in Sources */ = {isa = PBXBuildFile; fileRef = 97A2F60929508AD800F31122 /* EventTransformerManager.swift */; };
		97A46B17285444BF00C07C9B /* NSWindow.swift in Sources */ = {isa = PBXBuildFile; fileRef = 97A46B16285444BF00C07C9B /* NSWindow.swift */; };
		97A7A39C28587E8C00EE4833 /* PointerKit in Frameworks */ = {isa = PBXBuildFile; productRef = 97A7A39B28587E8C00EE4833 /* PointerKit */; };
		97B83CDB28607E2600ECF109 /* ConfigurationState.swift in Sources */ = {isa = PBXBuildFile; fileRef = 97B83CDA28607E2600ECF109 /* ConfigurationState.swift */; };
		97B83CDD2860B3FD00ECF109 /* Scrolling.swift in Sources */ = {isa = PBXBuildFile; fileRef = 97B83CDC2860B3FD00ECF109 /* Scrolling.swift */; };
		97B83CDF2860C56700ECF109 /* HexRepresentation.swift in Sources */ = {isa = PBXBuildFile; fileRef = 97B83CDE2860C56700ECF109 /* HexRepresentation.swift */; };
		97B83CE52860DA9800ECF109 /* CustomDecodingError.swift in Sources */ = {isa = PBXBuildFile; fileRef = 97B83CE42860DA9800ECF109 /* CustomDecodingError.swift */; };
		97B913FE28869F0500DC920A /* ButtonActionsTransformer.swift in Sources */ = {isa = PBXBuildFile; fileRef = 97B913FD28869F0500DC920A /* ButtonActionsTransformer.swift */; };
		97B9D4992865EC0900137E60 /* If.swift in Sources */ = {isa = PBXBuildFile; fileRef = 97B9D4982865EC0900137E60 /* If.swift */; };
		97C5D8FF2856E3CB00CBED2D /* GestureKit in Frameworks */ = {isa = PBXBuildFile; productRef = 97C5D8FE2856E3CB00CBED2D /* GestureKit */; };
		97C5DBB42867EA48006FA6B4 /* SchemeState.swift in Sources */ = {isa = PBXBuildFile; fileRef = 97C5DBB32867EA48006FA6B4 /* SchemeState.swift */; };
		97C5DBB62867ECD6006FA6B4 /* DeviceModel.swift in Sources */ = {isa = PBXBuildFile; fileRef = 97C5DBB52867ECD6006FA6B4 /* DeviceModel.swift */; };
		97C5DBB82868158C006FA6B4 /* PointerSettingsState.swift in Sources */ = {isa = PBXBuildFile; fileRef = 97C5DBB72868158C006FA6B4 /* PointerSettingsState.swift */; };
		97C5DBBA28682809006FA6B4 /* Extensions.swift in Sources */ = {isa = PBXBuildFile; fileRef = 97C5DBB928682809006FA6B4 /* Extensions.swift */; };
		97C5DBBC28686EFC006FA6B4 /* Pointer.swift in Sources */ = {isa = PBXBuildFile; fileRef = 97C5DBBB28686EFC006FA6B4 /* Pointer.swift */; };
		97C5DBBE286875C2006FA6B4 /* Clamp.swift in Sources */ = {isa = PBXBuildFile; fileRef = 97C5DBBD286875C2006FA6B4 /* Clamp.swift */; };
		97C5DBC028689F7E006FA6B4 /* Buttons.swift in Sources */ = {isa = PBXBuildFile; fileRef = 97C5DBBF28689F7E006FA6B4 /* Buttons.swift */; };
		97C5DBC328689FF9006FA6B4 /* Mapping.swift in Sources */ = {isa = PBXBuildFile; fileRef = 97C5DBC228689FF9006FA6B4 /* Mapping.swift */; };
		97C5DBC52868A1ED006FA6B4 /* ButtonsSettingsState.swift in Sources */ = {isa = PBXBuildFile; fileRef = 97C5DBC42868A1ED006FA6B4 /* ButtonsSettingsState.swift */; };
		97C5DBC82868A2C7006FA6B4 /* Modifiers.swift in Sources */ = {isa = PBXBuildFile; fileRef = 97C5DBC72868A2C7006FA6B4 /* Modifiers.swift */; };
		97C97728288FC49F009094BA /* DockKit in Frameworks */ = {isa = PBXBuildFile; productRef = 97C97727288FC49F009094BA /* DockKit */; };
		97C9772D28910E4F009094BA /* KeyKit in Frameworks */ = {isa = PBXBuildFile; productRef = 97C9772C28910E4F009094BA /* KeyKit */; };
		97D3470C293CDEA000E7DFE1 /* WeakRef.swift in Sources */ = {isa = PBXBuildFile; fileRef = 97D3470B293CDEA000E7DFE1 /* WeakRef.swift */; };
		97DB97C829AF79B9002F4668 /* ButtonMappingsSection.swift in Sources */ = {isa = PBXBuildFile; fileRef = 97DB97C729AF79B9002F4668 /* ButtonMappingsSection.swift */; };
		97E16F4F28F9A22A00E7D09B /* LinearScrollingHorizontalTransformer.swift in Sources */ = {isa = PBXBuildFile; fileRef = 97E16F4E28F9A22A00E7D09B /* LinearScrollingHorizontalTransformer.swift */; };
		97F77FA4285DC467007C9C2B /* DevicePickerSectionState.swift in Sources */ = {isa = PBXBuildFile; fileRef = 97F77FA3285DC467007C9C2B /* DevicePickerSectionState.swift */; };
		97F77FA8285DC828007C9C2B /* Environment.swift in Sources */ = {isa = PBXBuildFile; fileRef = 97F77FA7285DC828007C9C2B /* Environment.swift */; };
		97F77FAA285E178B007C9C2B /* DevicePickerSectionItem.swift in Sources */ = {isa = PBXBuildFile; fileRef = 97F77FA9285E178B007C9C2B /* DevicePickerSectionItem.swift */; };
		97F77FAC285E3055007C9C2B /* StatusItem.swift in Sources */ = {isa = PBXBuildFile; fileRef = 97F77FAB285E3055007C9C2B /* StatusItem.swift */; };
		97F77FAF285F0A58007C9C2B /* Configuration.swift in Sources */ = {isa = PBXBuildFile; fileRef = 97F77FAE285F0A58007C9C2B /* Configuration.swift */; };
		97F77FB1285F0CDC007C9C2B /* Scheme.swift in Sources */ = {isa = PBXBuildFile; fileRef = 97F77FB0285F0CDC007C9C2B /* Scheme.swift */; };
		97F77FB4285F45AF007C9C2B /* ConfigurationTests.swift in Sources */ = {isa = PBXBuildFile; fileRef = 97F77FB3285F45AF007C9C2B /* ConfigurationTests.swift */; };
		97F77FB7285F53A5007C9C2B /* SingleValueOrArray.swift in Sources */ = {isa = PBXBuildFile; fileRef = 97F77FB6285F53A5007C9C2B /* SingleValueOrArray.swift */; };
		97FC692F29F44D0100859859 /* AppMover in Frameworks */ = {isa = PBXBuildFile; productRef = 97FC692E29F44D0100859859 /* AppMover */; };
		97FD8CEA29BE0F9D00D93212 /* ButtonMapping.swift in Sources */ = {isa = PBXBuildFile; fileRef = 97FD8CE929BE0F9D00D93212 /* ButtonMapping.swift */; };
		97FD8CEC29C1ABA800D93212 /* ButtonMappingEditSheet.swift in Sources */ = {isa = PBXBuildFile; fileRef = 97FD8CEB29C1ABA800D93212 /* ButtonMappingEditSheet.swift */; };
		B70A58F6284F987900E5C86E /* LaunchAtLogin in Frameworks */ = {isa = PBXBuildFile; productRef = B70A58F5284F987900E5C86E /* LaunchAtLogin */; };
		B716F16026BC10B80052F551 /* UniversalBackForwardTransformer.swift in Sources */ = {isa = PBXBuildFile; fileRef = B716F15F26BC10B80052F551 /* UniversalBackForwardTransformer.swift */; };
		B73AC55127C29C7C00F7D3E8 /* Version in Frameworks */ = {isa = PBXBuildFile; productRef = B73AC55027C29C7C00F7D3E8 /* Version */; };
		B754147E274E3AB0003CDAD0 /* LinearScrollingTransformerTests.swift in Sources */ = {isa = PBXBuildFile; fileRef = B754147D274E3AB0003CDAD0 /* LinearScrollingTransformerTests.swift */; };
		B7541480274E3CEF003CDAD0 /* ModifierActionsTransformerTests.swift in Sources */ = {isa = PBXBuildFile; fileRef = B754147F274E3CEF003CDAD0 /* ModifierActionsTransformerTests.swift */; };
		B75A061C2671E9D800BEAF77 /* AppDelegate.swift in Sources */ = {isa = PBXBuildFile; fileRef = B75A061B2671E9D800BEAF77 /* AppDelegate.swift */; };
		B75A06202671E9DA00BEAF77 /* Assets.xcassets in Resources */ = {isa = PBXBuildFile; fileRef = B75A061F2671E9DA00BEAF77 /* Assets.xcassets */; };
		B75A06232671E9DA00BEAF77 /* Preview Assets.xcassets in Resources */ = {isa = PBXBuildFile; fileRef = B75A06222671E9DA00BEAF77 /* Preview Assets.xcassets */; };
		B75A06262671E9DA00BEAF77 /* Main.storyboard in Resources */ = {isa = PBXBuildFile; fileRef = B75A06242671E9DA00BEAF77 /* Main.storyboard */; };
		B76173442675AD8700CC9412 /* Localizable.strings in Resources */ = {isa = PBXBuildFile; fileRef = B76173462675AD8700CC9412 /* Localizable.strings */; };
		B7618A1027621EDF00527C1A /* PointerSettings.swift in Sources */ = {isa = PBXBuildFile; fileRef = B7618A0F27621EDF00527C1A /* PointerSettings.swift */; };
		B77A160E2674B3DD00E99A5D /* LinearMouse.swift in Sources */ = {isa = PBXBuildFile; fileRef = B77A160D2674B3DD00E99A5D /* LinearMouse.swift */; };
		B77A16102674B85300E99A5D /* DefaultsKeys.swift in Sources */ = {isa = PBXBuildFile; fileRef = B77A160F2674B85300E99A5D /* DefaultsKeys.swift */; };
		B77A16122674C21600E99A5D /* Settings.swift in Sources */ = {isa = PBXBuildFile; fileRef = B77A16112674C21600E99A5D /* Settings.swift */; };
		B77A16172674D88E00E99A5D /* SettingsWindow.swift in Sources */ = {isa = PBXBuildFile; fileRef = B77A16162674D88E00E99A5D /* SettingsWindow.swift */; };
		B77A161B2674EF0E00E99A5D /* HyperLink.swift in Sources */ = {isa = PBXBuildFile; fileRef = B77A161A2674EF0E00E99A5D /* HyperLink.swift */; };
		B77BA0F227480AA500E3BC5C /* EventTransformer.swift in Sources */ = {isa = PBXBuildFile; fileRef = B77BA0F127480AA500E3BC5C /* EventTransformer.swift */; };
		B77D7C1527BA58F300825F54 /* DeviceManager.swift in Sources */ = {isa = PBXBuildFile; fileRef = B77D7C1427BA58F300825F54 /* DeviceManager.swift */; };
		B77D7C1727BA597E00825F54 /* Device.swift in Sources */ = {isa = PBXBuildFile; fileRef = B77D7C1627BA597E00825F54 /* Device.swift */; };
		B7842925278D985600D207F0 /* AutoUpdateManager.swift in Sources */ = {isa = PBXBuildFile; fileRef = B7842924278D985600D207F0 /* AutoUpdateManager.swift */; };
		B7842927278D9BBC00D207F0 /* CheckForUpdatesView.swift in Sources */ = {isa = PBXBuildFile; fileRef = B7842926278D9BBC00D207F0 /* CheckForUpdatesView.swift */; };
		B784292D278DB06600D207F0 /* Sparkle in Frameworks */ = {isa = PBXBuildFile; productRef = B784292C278DB06600D207F0 /* Sparkle */; };
		B7ADF97F2748991D0005B02D /* ReverseScrollingTransformer.swift in Sources */ = {isa = PBXBuildFile; fileRef = B7ADF97E2748991D0005B02D /* ReverseScrollingTransformer.swift */; };
		B7ADF9832748B12B0005B02D /* LinearScrollingVerticalTransformer.swift in Sources */ = {isa = PBXBuildFile; fileRef = B7ADF9822748B12B0005B02D /* LinearScrollingVerticalTransformer.swift */; };
		B7ADF9852748B25A0005B02D /* ModifierActionsTransformer.swift in Sources */ = {isa = PBXBuildFile; fileRef = B7ADF9842748B25A0005B02D /* ModifierActionsTransformer.swift */; };
		B7ADF98D2748E5010005B02D /* ScrollWheelEventView.swift in Sources */ = {isa = PBXBuildFile; fileRef = B7ADF98C2748E5010005B02D /* ScrollWheelEventView.swift */; };
		B7ADF98F2748E6400005B02D /* MouseEventView.swift in Sources */ = {isa = PBXBuildFile; fileRef = B7ADF98E2748E6400005B02D /* MouseEventView.swift */; };
		B7ADF99F274918540005B02D /* ReverseScrollingTransformerTests.swift in Sources */ = {isa = PBXBuildFile; fileRef = B7ADF99E274918540005B02D /* ReverseScrollingTransformerTests.swift */; };
		B7B1D08F26B3EC4F00F48176 /* ScrollingSettings.swift in Sources */ = {isa = PBXBuildFile; fileRef = B7B1D08E26B3EC4F00F48176 /* ScrollingSettings.swift */; };
		B7B6D83C26B2726B00B0D247 /* ModifierKeys.swift in Sources */ = {isa = PBXBuildFile; fileRef = B7B6D83B26B2726B00B0D247 /* ModifierKeys.swift */; };
		B7B6D83E26B2745300B0D247 /* ModifierKeyActionPicker.swift in Sources */ = {isa = PBXBuildFile; fileRef = B7B6D83D26B2745300B0D247 /* ModifierKeyActionPicker.swift */; };
		B7BD51812672FEB5001FE742 /* EventTap.swift in Sources */ = {isa = PBXBuildFile; fileRef = B7BD51802672FEB5001FE742 /* EventTap.swift */; };
		B7F6C5F827A4F6A800E5400B /* LRUCache in Frameworks */ = {isa = PBXBuildFile; productRef = B7F6C5F727A4F6A800E5400B /* LRUCache */; };
/* End PBXBuildFile section */

/* Begin PBXContainerItemProxy section */
		B7ADF9992748ED620005B02D /* PBXContainerItemProxy */ = {
			isa = PBXContainerItemProxy;
			containerPortal = B75A06102671E9D800BEAF77 /* Project object */;
			proxyType = 1;
			remoteGlobalIDString = B75A06172671E9D800BEAF77;
			remoteInfo = LinearMouse;
		};
/* End PBXContainerItemProxy section */

/* Begin PBXFileReference section */
		36EBC1359D50EDBC252FB81F /* Process.h */ = {isa = PBXFileReference; fileEncoding = 4; lastKnownFileType = sourcecode.c.h; path = Process.h; sourceTree = "<group>"; };
		36EBC80F80AD57E8226267BF /* Process.m */ = {isa = PBXFileReference; fileEncoding = 4; lastKnownFileType = sourcecode.c.objc; path = Process.m; sourceTree = "<group>"; };
		9704BA982976E84C00C8B06D /* SettingsState.swift */ = {isa = PBXFileReference; lastKnownFileType = sourcecode.swift; path = SettingsState.swift; sourceTree = "<group>"; };
		971338AE289B64C1005A74D2 /* HelpButton.swift */ = {isa = PBXFileReference; lastKnownFileType = sourcecode.swift; path = HelpButton.swift; sourceTree = "<group>"; };
		972327A4299146AA0041538A /* ImplicitOptional.swift */ = {isa = PBXFileReference; lastKnownFileType = sourcecode.swift; path = ImplicitOptional.swift; sourceTree = "<group>"; };
		972327A829914C1C0041538A /* ImplicitOptionalTests.swift */ = {isa = PBXFileReference; lastKnownFileType = sourcecode.swift; path = ImplicitOptionalTests.swift; sourceTree = "<group>"; };
		972327AC29924C840041538A /* ScrollingSettingsState.swift */ = {isa = PBXFileReference; fileEncoding = 4; lastKnownFileType = sourcecode.swift; path = ScrollingSettingsState.swift; sourceTree = "<group>"; };
		972327AE29928FBD0041538A /* Header.swift */ = {isa = PBXFileReference; lastKnownFileType = sourcecode.swift; path = Header.swift; sourceTree = "<group>"; };
		972327B02992912F0041538A /* ReverseScrollingSection.swift */ = {isa = PBXFileReference; lastKnownFileType = sourcecode.swift; path = ReverseScrollingSection.swift; sourceTree = "<group>"; };
		972327B2299291860041538A /* ScrollingModeSection.swift */ = {isa = PBXFileReference; lastKnownFileType = sourcecode.swift; path = ScrollingModeSection.swift; sourceTree = "<group>"; };
		972327B4299291F40041538A /* ModifierKeysSection.swift */ = {isa = PBXFileReference; lastKnownFileType = sourcecode.swift; path = ModifierKeysSection.swift; sourceTree = "<group>"; };
		972A5E1E285CA43D00CB6440 /* DevicePickerSheet.swift */ = {isa = PBXFileReference; lastKnownFileType = sourcecode.swift; path = DevicePickerSheet.swift; sourceTree = "<group>"; };
		972A5E21285CA49800CB6440 /* DevicePicker.swift */ = {isa = PBXFileReference; lastKnownFileType = sourcecode.swift; path = DevicePicker.swift; sourceTree = "<group>"; };
		972A5E23285CA4AA00CB6440 /* DevicePickerState.swift */ = {isa = PBXFileReference; lastKnownFileType = sourcecode.swift; path = DevicePickerState.swift; sourceTree = "<group>"; };
		972A5E27285D4EB500CB6440 /* DevicePickerSection.swift */ = {isa = PBXFileReference; lastKnownFileType = sourcecode.swift; path = DevicePickerSection.swift; sourceTree = "<group>"; };
		972A5E29285D5D0100CB6440 /* DeviceButtonStyle.swift */ = {isa = PBXFileReference; lastKnownFileType = sourcecode.swift; path = DeviceButtonStyle.swift; sourceTree = "<group>"; };
		972A5E2C285D882500CB6440 /* DeviceState.swift */ = {isa = PBXFileReference; lastKnownFileType = sourcecode.swift; path = DeviceState.swift; sourceTree = "<group>"; };
		972A5E31285D8B5B00CB6440 /* DeviceMatcher.swift */ = {isa = PBXFileReference; lastKnownFileType = sourcecode.swift; path = DeviceMatcher.swift; sourceTree = "<group>"; };
		972AFBAD29A10F80001C5099 /* ApplicationBundle.swift */ = {isa = PBXFileReference; lastKnownFileType = sourcecode.swift; path = ApplicationBundle.swift; sourceTree = "<group>"; };
		972AFD442851C101009B0CBF /* AccessibilityPermissionView.swift */ = {isa = PBXFileReference; lastKnownFileType = sourcecode.swift; path = AccessibilityPermissionView.swift; sourceTree = "<group>"; };
		972AFD462851E6B0009B0CBF /* AccessibilityPermission.swift */ = {isa = PBXFileReference; lastKnownFileType = sourcecode.swift; path = AccessibilityPermission.swift; sourceTree = "<group>"; };
		972AFD482851E96D009B0CBF /* AccessibilityPermissionWindow.swift */ = {isa = PBXFileReference; lastKnownFileType = sourcecode.swift; path = AccessibilityPermissionWindow.swift; sourceTree = "<group>"; };
		972DF6302859756700B83932 /* ProcessEnvironment.swift */ = {isa = PBXFileReference; lastKnownFileType = sourcecode.swift; path = ProcessEnvironment.swift; sourceTree = "<group>"; };
		972DF639285997CD00B83932 /* Sidebar.swift */ = {isa = PBXFileReference; lastKnownFileType = sourcecode.swift; path = Sidebar.swift; sourceTree = "<group>"; };
		972DF6412859C1AC00B83932 /* SidebarItem.swift */ = {isa = PBXFileReference; lastKnownFileType = sourcecode.swift; path = SidebarItem.swift; sourceTree = "<group>"; };
		972DF645285A269500B83932 /* SchemeIndicator.swift */ = {isa = PBXFileReference; lastKnownFileType = sourcecode.swift; path = SchemeIndicator.swift; sourceTree = "<group>"; };
		972DF648285A26F700B83932 /* DeviceIndicator.swift */ = {isa = PBXFileReference; lastKnownFileType = sourcecode.swift; path = DeviceIndicator.swift; sourceTree = "<group>"; };
		972DF64B285A298600B83932 /* DetailView.swift */ = {isa = PBXFileReference; lastKnownFileType = sourcecode.swift; path = DetailView.swift; sourceTree = "<group>"; };
		972DF64E285A2D7C00B83932 /* SecondaryButtonStyle.swift */ = {isa = PBXFileReference; lastKnownFileType = sourcecode.swift; path = SecondaryButtonStyle.swift; sourceTree = "<group>"; };
		972DF650285A35B100B83932 /* DeviceIndicatorState.swift */ = {isa = PBXFileReference; lastKnownFileType = sourcecode.swift; path = DeviceIndicatorState.swift; sourceTree = "<group>"; };
		972DF653285ADE9600B83932 /* GeneralSettings.swift */ = {isa = PBXFileReference; lastKnownFileType = sourcecode.swift; path = GeneralSettings.swift; sourceTree = "<group>"; };
		972DF65A285AEABA00B83932 /* ButtonsSettings.swift */ = {isa = PBXFileReference; lastKnownFileType = sourcecode.swift; path = ButtonsSettings.swift; sourceTree = "<group>"; };
		9731B40429D7D86800FC3C24 /* ButtonMappingButtonRecorder.swift */ = {isa = PBXFileReference; lastKnownFileType = sourcecode.swift; path = ButtonMappingButtonRecorder.swift; sourceTree = "<group>"; };
		9731B40629D7DAC600FC3C24 /* View.swift */ = {isa = PBXFileReference; lastKnownFileType = sourcecode.swift; path = View.swift; sourceTree = "<group>"; };
		9731B40A29D7FE1D00FC3C24 /* ButtonMappingActionPicker.swift */ = {isa = PBXFileReference; lastKnownFileType = sourcecode.swift; path = ButtonMappingActionPicker.swift; sourceTree = "<group>"; };
		97353385297ED84600C1B5D0 /* ScrollingAccelerationSpeedAdjustmentTransformer.swift */ = {isa = PBXFileReference; lastKnownFileType = sourcecode.swift; path = ScrollingAccelerationSpeedAdjustmentTransformer.swift; sourceTree = "<group>"; };
		9735338E297F8EE200C1B5D0 /* FormViewModifier.swift */ = {isa = PBXFileReference; lastKnownFileType = sourcecode.swift; path = FormViewModifier.swift; sourceTree = "<group>"; };
		973ADFCD29E2F18C00443649 /* LoggingSection.swift */ = {isa = PBXFileReference; lastKnownFileType = sourcecode.swift; path = LoggingSection.swift; sourceTree = "<group>"; };
		973EB9FD287EE7D90069A8EF /* Action.swift */ = {isa = PBXFileReference; lastKnownFileType = sourcecode.swift; path = Action.swift; sourceTree = "<group>"; };
		9757BB9529935445002333AA /* Bidirectional.swift */ = {isa = PBXFileReference; lastKnownFileType = sourcecode.swift; path = Bidirectional.swift; sourceTree = "<group>"; };
		9757BB9929935474002333AA /* BidirectionalTests.swift */ = {isa = PBXFileReference; lastKnownFileType = sourcecode.swift; path = BidirectionalTests.swift; sourceTree = "<group>"; };
		975805582A24CF0F0046E55E /* Action+CustomStringConvertible.swift */ = {isa = PBXFileReference; lastKnownFileType = sourcecode.swift; path = "Action+CustomStringConvertible.swift"; sourceTree = "<group>"; };
		9758055A2A24CF800046E55E /* Action+Codable.swift */ = {isa = PBXFileReference; lastKnownFileType = sourcecode.swift; path = "Action+Codable.swift"; sourceTree = "<group>"; };
		9766C4B3299E03B900FA3A9C /* AppIndicator.swift */ = {isa = PBXFileReference; lastKnownFileType = sourcecode.swift; path = AppIndicator.swift; sourceTree = "<group>"; };
		9766C4B7299E199200FA3A9C /* AppPickerSheet.swift */ = {isa = PBXFileReference; lastKnownFileType = sourcecode.swift; path = AppPickerSheet.swift; sourceTree = "<group>"; };
		9766C4B9299E1A1400FA3A9C /* AppPicker.swift */ = {isa = PBXFileReference; lastKnownFileType = sourcecode.swift; path = AppPicker.swift; sourceTree = "<group>"; };
		9766C4BB299E1C5C00FA3A9C /* AppPickerState.swift */ = {isa = PBXFileReference; lastKnownFileType = sourcecode.swift; path = AppPickerState.swift; sourceTree = "<group>"; };
		978DBC9B29A60D92002259B3 /* UniversalBackForwardSection.swift */ = {isa = PBXFileReference; lastKnownFileType = sourcecode.swift; path = UniversalBackForwardSection.swift; sourceTree = "<group>"; };
		978DBC9D29A60E2F002259B3 /* ClickDebouncingSection.swift */ = {isa = PBXFileReference; lastKnownFileType = sourcecode.swift; path = ClickDebouncingSection.swift; sourceTree = "<group>"; };
		978DBC9F29A61D50002259B3 /* ClickDebouncingTransformer.swift */ = {isa = PBXFileReference; lastKnownFileType = sourcecode.swift; path = ClickDebouncingTransformer.swift; sourceTree = "<group>"; };
		978DBCA229A663EB002259B3 /* ClickDebouncing.swift */ = {isa = PBXFileReference; lastKnownFileType = sourcecode.swift; path = ClickDebouncing.swift; sourceTree = "<group>"; };
		97A13AD1287094FB002F6193 /* Distance.swift */ = {isa = PBXFileReference; lastKnownFileType = sourcecode.swift; path = Distance.swift; sourceTree = "<group>"; };
		97A2F60929508AD800F31122 /* EventTransformerManager.swift */ = {isa = PBXFileReference; lastKnownFileType = sourcecode.swift; path = EventTransformerManager.swift; sourceTree = "<group>"; };
		97A46B16285444BF00C07C9B /* NSWindow.swift */ = {isa = PBXFileReference; lastKnownFileType = sourcecode.swift; path = NSWindow.swift; sourceTree = "<group>"; };
		97A7A3982857266700EE4833 /* README.md */ = {isa = PBXFileReference; lastKnownFileType = net.daringfireball.markdown; path = README.md; sourceTree = "<group>"; };
		97A7A39928572FB600EE4833 /* PointerKit */ = {isa = PBXFileReference; lastKnownFileType = wrapper; path = PointerKit; sourceTree = "<group>"; };
		97B83CDA28607E2600ECF109 /* ConfigurationState.swift */ = {isa = PBXFileReference; lastKnownFileType = sourcecode.swift; path = ConfigurationState.swift; sourceTree = "<group>"; };
		97B83CDC2860B3FD00ECF109 /* Scrolling.swift */ = {isa = PBXFileReference; lastKnownFileType = sourcecode.swift; path = Scrolling.swift; sourceTree = "<group>"; };
		97B83CDE2860C56700ECF109 /* HexRepresentation.swift */ = {isa = PBXFileReference; lastKnownFileType = sourcecode.swift; path = HexRepresentation.swift; sourceTree = "<group>"; };
		97B83CE42860DA9800ECF109 /* CustomDecodingError.swift */ = {isa = PBXFileReference; lastKnownFileType = sourcecode.swift; path = CustomDecodingError.swift; sourceTree = "<group>"; };
		97B913FD28869F0500DC920A /* ButtonActionsTransformer.swift */ = {isa = PBXFileReference; lastKnownFileType = sourcecode.swift; path = ButtonActionsTransformer.swift; sourceTree = "<group>"; };
		97B9D4982865EC0900137E60 /* If.swift */ = {isa = PBXFileReference; lastKnownFileType = sourcecode.swift; path = If.swift; sourceTree = "<group>"; };
		97C5D8FD2856E3BE00CBED2D /* GestureKit */ = {isa = PBXFileReference; lastKnownFileType = wrapper; path = GestureKit; sourceTree = "<group>"; };
		97C5DBB32867EA48006FA6B4 /* SchemeState.swift */ = {isa = PBXFileReference; lastKnownFileType = sourcecode.swift; path = SchemeState.swift; sourceTree = "<group>"; };
		97C5DBB52867ECD6006FA6B4 /* DeviceModel.swift */ = {isa = PBXFileReference; lastKnownFileType = sourcecode.swift; path = DeviceModel.swift; sourceTree = "<group>"; };
		97C5DBB72868158C006FA6B4 /* PointerSettingsState.swift */ = {isa = PBXFileReference; lastKnownFileType = sourcecode.swift; path = PointerSettingsState.swift; sourceTree = "<group>"; };
		97C5DBB928682809006FA6B4 /* Extensions.swift */ = {isa = PBXFileReference; lastKnownFileType = sourcecode.swift; path = Extensions.swift; sourceTree = "<group>"; };
		97C5DBBB28686EFC006FA6B4 /* Pointer.swift */ = {isa = PBXFileReference; lastKnownFileType = sourcecode.swift; path = Pointer.swift; sourceTree = "<group>"; };
		97C5DBBD286875C2006FA6B4 /* Clamp.swift */ = {isa = PBXFileReference; lastKnownFileType = sourcecode.swift; path = Clamp.swift; sourceTree = "<group>"; };
		97C5DBBF28689F7E006FA6B4 /* Buttons.swift */ = {isa = PBXFileReference; lastKnownFileType = sourcecode.swift; path = Buttons.swift; sourceTree = "<group>"; };
		97C5DBC228689FF9006FA6B4 /* Mapping.swift */ = {isa = PBXFileReference; lastKnownFileType = sourcecode.swift; path = Mapping.swift; sourceTree = "<group>"; };
		97C5DBC42868A1ED006FA6B4 /* ButtonsSettingsState.swift */ = {isa = PBXFileReference; lastKnownFileType = sourcecode.swift; path = ButtonsSettingsState.swift; sourceTree = "<group>"; };
		97C5DBC72868A2C7006FA6B4 /* Modifiers.swift */ = {isa = PBXFileReference; lastKnownFileType = sourcecode.swift; path = Modifiers.swift; sourceTree = "<group>"; };
		97C97726288FC19A009094BA /* DockKit */ = {isa = PBXFileReference; lastKnownFileType = wrapper; path = DockKit; sourceTree = "<group>"; };
		97C9772928900298009094BA /* zh-HK */ = {isa = PBXFileReference; lastKnownFileType = text.plist.strings; name = "zh-HK"; path = "zh-HK.lproj/Localizable.strings"; sourceTree = "<group>"; };
		97C9772B28910054009094BA /* KeyKit */ = {isa = PBXFileReference; lastKnownFileType = wrapper; path = KeyKit; sourceTree = "<group>"; };
		97D3470B293CDEA000E7DFE1 /* WeakRef.swift */ = {isa = PBXFileReference; lastKnownFileType = sourcecode.swift; path = WeakRef.swift; sourceTree = "<group>"; };
		97DB97C729AF79B9002F4668 /* ButtonMappingsSection.swift */ = {isa = PBXFileReference; lastKnownFileType = sourcecode.swift; path = ButtonMappingsSection.swift; sourceTree = "<group>"; };
		97E16F4E28F9A22A00E7D09B /* LinearScrollingHorizontalTransformer.swift */ = {isa = PBXFileReference; lastKnownFileType = sourcecode.swift; path = LinearScrollingHorizontalTransformer.swift; sourceTree = "<group>"; };
		97F77FA3285DC467007C9C2B /* DevicePickerSectionState.swift */ = {isa = PBXFileReference; lastKnownFileType = sourcecode.swift; path = DevicePickerSectionState.swift; sourceTree = "<group>"; };
		97F77FA7285DC828007C9C2B /* Environment.swift */ = {isa = PBXFileReference; lastKnownFileType = sourcecode.swift; path = Environment.swift; sourceTree = "<group>"; };
		97F77FA9285E178B007C9C2B /* DevicePickerSectionItem.swift */ = {isa = PBXFileReference; lastKnownFileType = sourcecode.swift; path = DevicePickerSectionItem.swift; sourceTree = "<group>"; };
		97F77FAB285E3055007C9C2B /* StatusItem.swift */ = {isa = PBXFileReference; fileEncoding = 4; lastKnownFileType = sourcecode.swift; path = StatusItem.swift; sourceTree = "<group>"; };
		97F77FAE285F0A58007C9C2B /* Configuration.swift */ = {isa = PBXFileReference; lastKnownFileType = sourcecode.swift; path = Configuration.swift; sourceTree = "<group>"; };
		97F77FB0285F0CDC007C9C2B /* Scheme.swift */ = {isa = PBXFileReference; lastKnownFileType = sourcecode.swift; path = Scheme.swift; sourceTree = "<group>"; };
		97F77FB3285F45AF007C9C2B /* ConfigurationTests.swift */ = {isa = PBXFileReference; lastKnownFileType = sourcecode.swift; path = ConfigurationTests.swift; sourceTree = "<group>"; };
		97F77FB6285F53A5007C9C2B /* SingleValueOrArray.swift */ = {isa = PBXFileReference; lastKnownFileType = sourcecode.swift; path = SingleValueOrArray.swift; sourceTree = "<group>"; };
		97FD8CE929BE0F9D00D93212 /* ButtonMapping.swift */ = {isa = PBXFileReference; lastKnownFileType = sourcecode.swift; path = ButtonMapping.swift; sourceTree = "<group>"; };
		97FD8CEB29C1ABA800D93212 /* ButtonMappingEditSheet.swift */ = {isa = PBXFileReference; lastKnownFileType = sourcecode.swift; path = ButtonMappingEditSheet.swift; sourceTree = "<group>"; };
		B716F15F26BC10B80052F551 /* UniversalBackForwardTransformer.swift */ = {isa = PBXFileReference; lastKnownFileType = sourcecode.swift; path = UniversalBackForwardTransformer.swift; sourceTree = "<group>"; };
		B716F16226BC18AB0052F551 /* README.md */ = {isa = PBXFileReference; lastKnownFileType = net.daringfireball.markdown; path = README.md; sourceTree = SOURCE_ROOT; };
		B716F16326BC19350052F551 /* LICENSE */ = {isa = PBXFileReference; lastKnownFileType = text; path = LICENSE; sourceTree = "<group>"; };
		B754147D274E3AB0003CDAD0 /* LinearScrollingTransformerTests.swift */ = {isa = PBXFileReference; lastKnownFileType = sourcecode.swift; path = LinearScrollingTransformerTests.swift; sourceTree = "<group>"; };
		B754147F274E3CEF003CDAD0 /* ModifierActionsTransformerTests.swift */ = {isa = PBXFileReference; lastKnownFileType = sourcecode.swift; path = ModifierActionsTransformerTests.swift; sourceTree = "<group>"; };
		B75A06182671E9D800BEAF77 /* LinearMouse.app */ = {isa = PBXFileReference; explicitFileType = wrapper.application; includeInIndex = 0; path = LinearMouse.app; sourceTree = BUILT_PRODUCTS_DIR; };
		B75A061B2671E9D800BEAF77 /* AppDelegate.swift */ = {isa = PBXFileReference; lastKnownFileType = sourcecode.swift; path = AppDelegate.swift; sourceTree = "<group>"; };
		B75A061F2671E9DA00BEAF77 /* Assets.xcassets */ = {isa = PBXFileReference; lastKnownFileType = folder.assetcatalog; path = Assets.xcassets; sourceTree = "<group>"; };
		B75A06222671E9DA00BEAF77 /* Preview Assets.xcassets */ = {isa = PBXFileReference; lastKnownFileType = folder.assetcatalog; path = "Preview Assets.xcassets"; sourceTree = "<group>"; };
		B75A06252671E9DA00BEAF77 /* Base */ = {isa = PBXFileReference; lastKnownFileType = file.storyboard; name = Base; path = Base.lproj/Main.storyboard; sourceTree = "<group>"; };
		B75A06272671E9DA00BEAF77 /* Info.plist */ = {isa = PBXFileReference; lastKnownFileType = text.plist.xml; path = Info.plist; sourceTree = "<group>"; };
		B75A06282671E9DA00BEAF77 /* LinearMouse.entitlements */ = {isa = PBXFileReference; lastKnownFileType = text.plist.entitlements; path = LinearMouse.entitlements; sourceTree = "<group>"; };
		B76173452675AD8700CC9412 /* zh-Hans */ = {isa = PBXFileReference; lastKnownFileType = text.plist.strings; name = "zh-Hans"; path = "zh-Hans.lproj/Localizable.strings"; sourceTree = "<group>"; };
		B7618A0F27621EDF00527C1A /* PointerSettings.swift */ = {isa = PBXFileReference; lastKnownFileType = sourcecode.swift; path = PointerSettings.swift; sourceTree = "<group>"; };
		B77A160D2674B3DD00E99A5D /* LinearMouse.swift */ = {isa = PBXFileReference; lastKnownFileType = sourcecode.swift; path = LinearMouse.swift; sourceTree = "<group>"; };
		B77A160F2674B85300E99A5D /* DefaultsKeys.swift */ = {isa = PBXFileReference; lastKnownFileType = sourcecode.swift; path = DefaultsKeys.swift; sourceTree = "<group>"; };
		B77A16112674C21600E99A5D /* Settings.swift */ = {isa = PBXFileReference; lastKnownFileType = sourcecode.swift; path = Settings.swift; sourceTree = "<group>"; };
		B77A16162674D88E00E99A5D /* SettingsWindow.swift */ = {isa = PBXFileReference; lastKnownFileType = sourcecode.swift; path = SettingsWindow.swift; sourceTree = "<group>"; };
		B77A161A2674EF0E00E99A5D /* HyperLink.swift */ = {isa = PBXFileReference; lastKnownFileType = sourcecode.swift; path = HyperLink.swift; sourceTree = "<group>"; };
		B77BA0F127480AA500E3BC5C /* EventTransformer.swift */ = {isa = PBXFileReference; lastKnownFileType = sourcecode.swift; path = EventTransformer.swift; sourceTree = "<group>"; };
		B77D7C1427BA58F300825F54 /* DeviceManager.swift */ = {isa = PBXFileReference; lastKnownFileType = sourcecode.swift; path = DeviceManager.swift; sourceTree = "<group>"; };
		B77D7C1627BA597E00825F54 /* Device.swift */ = {isa = PBXFileReference; lastKnownFileType = sourcecode.swift; path = Device.swift; sourceTree = "<group>"; };
		B7842924278D985600D207F0 /* AutoUpdateManager.swift */ = {isa = PBXFileReference; lastKnownFileType = sourcecode.swift; path = AutoUpdateManager.swift; sourceTree = "<group>"; };
		B7842926278D9BBC00D207F0 /* CheckForUpdatesView.swift */ = {isa = PBXFileReference; lastKnownFileType = sourcecode.swift; path = CheckForUpdatesView.swift; sourceTree = "<group>"; };
		B794BFE126BC0B2F003B11EF /* LinearMouse-Bridging-Header.h */ = {isa = PBXFileReference; lastKnownFileType = sourcecode.c.h; path = "LinearMouse-Bridging-Header.h"; sourceTree = "<group>"; };
		B7ADF97E2748991D0005B02D /* ReverseScrollingTransformer.swift */ = {isa = PBXFileReference; lastKnownFileType = sourcecode.swift; path = ReverseScrollingTransformer.swift; sourceTree = "<group>"; };
		B7ADF9822748B12B0005B02D /* LinearScrollingVerticalTransformer.swift */ = {isa = PBXFileReference; lastKnownFileType = sourcecode.swift; path = LinearScrollingVerticalTransformer.swift; sourceTree = "<group>"; };
		B7ADF9842748B25A0005B02D /* ModifierActionsTransformer.swift */ = {isa = PBXFileReference; lastKnownFileType = sourcecode.swift; path = ModifierActionsTransformer.swift; sourceTree = "<group>"; };
		B7ADF98C2748E5010005B02D /* ScrollWheelEventView.swift */ = {isa = PBXFileReference; lastKnownFileType = sourcecode.swift; path = ScrollWheelEventView.swift; sourceTree = "<group>"; };
		B7ADF98E2748E6400005B02D /* MouseEventView.swift */ = {isa = PBXFileReference; lastKnownFileType = sourcecode.swift; path = MouseEventView.swift; sourceTree = "<group>"; };
		B7ADF9952748ED620005B02D /* LinearMouseUnitTests.xctest */ = {isa = PBXFileReference; explicitFileType = wrapper.cfbundle; includeInIndex = 0; path = LinearMouseUnitTests.xctest; sourceTree = BUILT_PRODUCTS_DIR; };
		B7ADF99E274918540005B02D /* ReverseScrollingTransformerTests.swift */ = {isa = PBXFileReference; lastKnownFileType = sourcecode.swift; path = ReverseScrollingTransformerTests.swift; sourceTree = "<group>"; };
		B7B1D08E26B3EC4F00F48176 /* ScrollingSettings.swift */ = {isa = PBXFileReference; lastKnownFileType = sourcecode.swift; path = ScrollingSettings.swift; sourceTree = "<group>"; };
		B7B6D83B26B2726B00B0D247 /* ModifierKeys.swift */ = {isa = PBXFileReference; lastKnownFileType = sourcecode.swift; path = ModifierKeys.swift; sourceTree = "<group>"; };
		B7B6D83D26B2745300B0D247 /* ModifierKeyActionPicker.swift */ = {isa = PBXFileReference; lastKnownFileType = sourcecode.swift; path = ModifierKeyActionPicker.swift; sourceTree = "<group>"; };
		B7BD51802672FEB5001FE742 /* EventTap.swift */ = {isa = PBXFileReference; lastKnownFileType = sourcecode.swift; path = EventTap.swift; sourceTree = "<group>"; };
		B7BE467927B28A8600168BB9 /* en */ = {isa = PBXFileReference; lastKnownFileType = text.plist.strings; name = en; path = en.lproj/Localizable.strings; sourceTree = "<group>"; };
		B7BE467A27B28B8700168BB9 /* ru */ = {isa = PBXFileReference; lastKnownFileType = text.plist.strings; name = ru; path = ru.lproj/Localizable.strings; sourceTree = "<group>"; };
		B7BE467B27B3619300168BB9 /* de */ = {isa = PBXFileReference; lastKnownFileType = text.plist.strings; name = de; path = de.lproj/Localizable.strings; sourceTree = "<group>"; };
		B7BE467F27B3763400168BB9 /* af */ = {isa = PBXFileReference; lastKnownFileType = text.plist.strings; name = af; path = af.lproj/Localizable.strings; sourceTree = "<group>"; };
		B7BE468027B3768A00168BB9 /* hu */ = {isa = PBXFileReference; lastKnownFileType = text.plist.strings; name = hu; path = hu.lproj/Localizable.strings; sourceTree = "<group>"; };
		B7BE468127B3768B00168BB9 /* ko */ = {isa = PBXFileReference; lastKnownFileType = text.plist.strings; name = ko; path = ko.lproj/Localizable.strings; sourceTree = "<group>"; };
		B7BE468227B3768B00168BB9 /* it */ = {isa = PBXFileReference; lastKnownFileType = text.plist.strings; name = it; path = it.lproj/Localizable.strings; sourceTree = "<group>"; };
		B7BE468327B3768B00168BB9 /* no */ = {isa = PBXFileReference; lastKnownFileType = text.plist.strings; name = no; path = no.lproj/Localizable.strings; sourceTree = "<group>"; };
		B7BE468427B3768B00168BB9 /* ro */ = {isa = PBXFileReference; lastKnownFileType = text.plist.strings; name = ro; path = ro.lproj/Localizable.strings; sourceTree = "<group>"; };
		B7BE468527B3768B00168BB9 /* cs */ = {isa = PBXFileReference; lastKnownFileType = text.plist.strings; name = cs; path = cs.lproj/Localizable.strings; sourceTree = "<group>"; };
		B7BE468627B3768B00168BB9 /* el */ = {isa = PBXFileReference; lastKnownFileType = text.plist.strings; name = el; path = el.lproj/Localizable.strings; sourceTree = "<group>"; };
		B7BE468727B3768B00168BB9 /* es */ = {isa = PBXFileReference; lastKnownFileType = text.plist.strings; name = es; path = es.lproj/Localizable.strings; sourceTree = "<group>"; };
		B7BE468827B3768B00168BB9 /* pt */ = {isa = PBXFileReference; lastKnownFileType = text.plist.strings; name = pt; path = pt.lproj/Localizable.strings; sourceTree = "<group>"; };
		B7BE468927B3768B00168BB9 /* da */ = {isa = PBXFileReference; lastKnownFileType = text.plist.strings; name = da; path = da.lproj/Localizable.strings; sourceTree = "<group>"; };
		B7BE468A27B3768B00168BB9 /* vi */ = {isa = PBXFileReference; lastKnownFileType = text.plist.strings; name = vi; path = vi.lproj/Localizable.strings; sourceTree = "<group>"; };
		B7BE468B27B3768B00168BB9 /* ja */ = {isa = PBXFileReference; lastKnownFileType = text.plist.strings; name = ja; path = ja.lproj/Localizable.strings; sourceTree = "<group>"; };
		B7BE468C27B3768B00168BB9 /* ca */ = {isa = PBXFileReference; lastKnownFileType = text.plist.strings; name = ca; path = ca.lproj/Localizable.strings; sourceTree = "<group>"; };
		B7BE468D27B3768B00168BB9 /* pl */ = {isa = PBXFileReference; lastKnownFileType = text.plist.strings; name = pl; path = pl.lproj/Localizable.strings; sourceTree = "<group>"; };
		B7BE468E27B3768B00168BB9 /* pt-BR */ = {isa = PBXFileReference; lastKnownFileType = text.plist.strings; name = "pt-BR"; path = "pt-BR.lproj/Localizable.strings"; sourceTree = "<group>"; };
		B7BE468F27B3768B00168BB9 /* uk */ = {isa = PBXFileReference; lastKnownFileType = text.plist.strings; name = uk; path = uk.lproj/Localizable.strings; sourceTree = "<group>"; };
		B7BE469027B3768B00168BB9 /* he */ = {isa = PBXFileReference; lastKnownFileType = text.plist.strings; name = he; path = he.lproj/Localizable.strings; sourceTree = "<group>"; };
		B7BE469127B3768B00168BB9 /* sr */ = {isa = PBXFileReference; lastKnownFileType = text.plist.strings; name = sr; path = sr.lproj/Localizable.strings; sourceTree = "<group>"; };
		B7BE469227B3768B00168BB9 /* tr */ = {isa = PBXFileReference; lastKnownFileType = text.plist.strings; name = tr; path = tr.lproj/Localizable.strings; sourceTree = "<group>"; };
		B7BE469327B3768B00168BB9 /* ar */ = {isa = PBXFileReference; lastKnownFileType = text.plist.strings; name = ar; path = ar.lproj/Localizable.strings; sourceTree = "<group>"; };
		B7BE469427B3768B00168BB9 /* sv */ = {isa = PBXFileReference; lastKnownFileType = text.plist.strings; name = sv; path = sv.lproj/Localizable.strings; sourceTree = "<group>"; };
		B7BE469527B3768B00168BB9 /* fi */ = {isa = PBXFileReference; lastKnownFileType = text.plist.strings; name = fi; path = fi.lproj/Localizable.strings; sourceTree = "<group>"; };
		B7BE469627B3768B00168BB9 /* fr */ = {isa = PBXFileReference; lastKnownFileType = text.plist.strings; name = fr; path = fr.lproj/Localizable.strings; sourceTree = "<group>"; };
		B7BE469727B3768B00168BB9 /* nl */ = {isa = PBXFileReference; lastKnownFileType = text.plist.strings; name = nl; path = nl.lproj/Localizable.strings; sourceTree = "<group>"; };
		B7CD86AB27B38B26006C5C37 /* Config.xcconfig */ = {isa = PBXFileReference; lastKnownFileType = text.xcconfig; path = Config.xcconfig; sourceTree = "<group>"; };
		B7E897E22675B1D9003C7058 /* zh-Hant */ = {isa = PBXFileReference; lastKnownFileType = text.plist.strings; name = "zh-Hant"; path = "zh-Hant.lproj/Localizable.strings"; sourceTree = "<group>"; };
/* End PBXFileReference section */

/* Begin PBXFrameworksBuildPhase section */
		B75A06152671E9D800BEAF77 /* Frameworks */ = {
			isa = PBXFrameworksBuildPhase;
			buildActionMask = 2147483647;
			files = (
				97C9772D28910E4F009094BA /* KeyKit in Frameworks */,
				977638F9286BE9EE00A698B6 /* PublishedObject in Frameworks */,
				978DBCA629AB1732002259B3 /* JSONPatcher in Frameworks */,
				B70A58F6284F987900E5C86E /* LaunchAtLogin in Frameworks */,
				97C97728288FC49F009094BA /* DockKit in Frameworks */,
				B784292D278DB06600D207F0 /* Sparkle in Frameworks */,
				97FC692F29F44D0100859859 /* AppMover in Frameworks */,
				972A5E30285D891100CB6440 /* Defaults in Frameworks */,
				97A7A39C28587E8C00EE4833 /* PointerKit in Frameworks */,
				97C5D8FF2856E3CB00CBED2D /* GestureKit in Frameworks */,
				B73AC55127C29C7C00F7D3E8 /* Version in Frameworks */,
				B7F6C5F827A4F6A800E5400B /* LRUCache in Frameworks */,
			);
			runOnlyForDeploymentPostprocessing = 0;
		};
		B7ADF9922748ED620005B02D /* Frameworks */ = {
			isa = PBXFrameworksBuildPhase;
			buildActionMask = 2147483647;
			files = (
			);
			runOnlyForDeploymentPostprocessing = 0;
		};
/* End PBXFrameworksBuildPhase section */

/* Begin PBXGroup section */
		971338AD289B649D005A74D2 /* HelpButton */ = {
			isa = PBXGroup;
			children = (
				971338AE289B64C1005A74D2 /* HelpButton.swift */,
			);
			path = HelpButton;
			sourceTree = "<group>";
		};
		972327A629914BFA0041538A /* Utilities */ = {
			isa = PBXGroup;
			children = (
				972327A729914C0B0041538A /* Codable */,
			);
			path = Utilities;
			sourceTree = "<group>";
		};
		972327A729914C0B0041538A /* Codable */ = {
			isa = PBXGroup;
			children = (
				972327A829914C1C0041538A /* ImplicitOptionalTests.swift */,
			);
			path = Codable;
			sourceTree = "<group>";
		};
		972327B6299292260041538A /* ModifierKeysSection */ = {
			isa = PBXGroup;
			children = (
				972327B4299291F40041538A /* ModifierKeysSection.swift */,
				B7B6D83D26B2745300B0D247 /* ModifierKeyActionPicker.swift */,
			);
			path = ModifierKeysSection;
			sourceTree = "<group>";
		};
		972A5E1D285CA42500CB6440 /* DevicePickerSheet */ = {
			isa = PBXGroup;
			children = (
				972A5E1E285CA43D00CB6440 /* DevicePickerSheet.swift */,
				972A5E21285CA49800CB6440 /* DevicePicker.swift */,
				972A5E23285CA4AA00CB6440 /* DevicePickerState.swift */,
				972A5E27285D4EB500CB6440 /* DevicePickerSection.swift */,
				97F77FA3285DC467007C9C2B /* DevicePickerSectionState.swift */,
				97F77FA9285E178B007C9C2B /* DevicePickerSectionItem.swift */,
				972A5E29285D5D0100CB6440 /* DeviceButtonStyle.swift */,
			);
			path = DevicePickerSheet;
			sourceTree = "<group>";
		};
		972A5E2B285D881700CB6440 /* State */ = {
			isa = PBXGroup;
			children = (
				9704BA982976E84C00C8B06D /* SettingsState.swift */,
				97B83CDA28607E2600ECF109 /* ConfigurationState.swift */,
				97C5DBB32867EA48006FA6B4 /* SchemeState.swift */,
				972A5E2C285D882500CB6440 /* DeviceState.swift */,
			);
			path = State;
			sourceTree = "<group>";
		};
		972DF62F2859754D00B83932 /* Utilities */ = {
			isa = PBXGroup;
			children = (
				97F77FB5285F538E007C9C2B /* Codable */,
				97B83CE42860DA9800ECF109 /* CustomDecodingError.swift */,
				97C5DBB928682809006FA6B4 /* Extensions.swift */,
				36EBC1359D50EDBC252FB81F /* Process.h */,
				36EBC80F80AD57E8226267BF /* Process.m */,
				972DF6302859756700B83932 /* ProcessEnvironment.swift */,
				97D3470B293CDEA000E7DFE1 /* WeakRef.swift */,
				972AFBAD29A10F80001C5099 /* ApplicationBundle.swift */,
			);
			path = Utilities;
			sourceTree = "<group>";
		};
		972DF6362859979F00B83932 /* Sidebar */ = {
			isa = PBXGroup;
			children = (
				972DF639285997CD00B83932 /* Sidebar.swift */,
				972DF6412859C1AC00B83932 /* SidebarItem.swift */,
			);
			path = Sidebar;
			sourceTree = "<group>";
		};
		972DF63E28599F4500B83932 /* Extensions */ = {
			isa = PBXGroup;
			children = (
				97F77FA7285DC828007C9C2B /* Environment.swift */,
				97A46B16285444BF00C07C9B /* NSWindow.swift */,
				9731B40629D7DAC600FC3C24 /* View.swift */,
			);
			path = Extensions;
			sourceTree = "<group>";
		};
		972DF644285A266C00B83932 /* Header */ = {
			isa = PBXGroup;
			children = (
				972DF647285A26E800B83932 /* DeviceIndicator */,
				9766C4B5299E03C000FA3A9C /* AppIndicator */,
				972DF645285A269500B83932 /* SchemeIndicator.swift */,
			);
			path = Header;
			sourceTree = "<group>";
		};
		972DF647285A26E800B83932 /* DeviceIndicator */ = {
			isa = PBXGroup;
			children = (
				972DF648285A26F700B83932 /* DeviceIndicator.swift */,
				972DF650285A35B100B83932 /* DeviceIndicatorState.swift */,
				972A5E1D285CA42500CB6440 /* DevicePickerSheet */,
			);
			path = DeviceIndicator;
			sourceTree = "<group>";
		};
		972DF64A285A295C00B83932 /* DetailView */ = {
			isa = PBXGroup;
			children = (
				972DF64B285A298600B83932 /* DetailView.swift */,
			);
			path = DetailView;
			sourceTree = "<group>";
		};
		972DF64D285A2D6D00B83932 /* ButtonStyle */ = {
			isa = PBXGroup;
			children = (
				972DF64E285A2D7C00B83932 /* SecondaryButtonStyle.swift */,
			);
			path = ButtonStyle;
			sourceTree = "<group>";
		};
		972DF652285ADE8800B83932 /* GeneralSettings */ = {
			isa = PBXGroup;
			children = (
				972DF653285ADE9600B83932 /* GeneralSettings.swift */,
				973ADFCD29E2F18C00443649 /* LoggingSection.swift */,
			);
			path = GeneralSettings;
			sourceTree = "<group>";
		};
		972DF655285AE0AA00B83932 /* ScrollingSettings */ = {
			isa = PBXGroup;
			children = (
				B7B1D08E26B3EC4F00F48176 /* ScrollingSettings.swift */,
				972327AC29924C840041538A /* ScrollingSettingsState.swift */,
				972327AE29928FBD0041538A /* Header.swift */,
				972327B02992912F0041538A /* ReverseScrollingSection.swift */,
				972327B2299291860041538A /* ScrollingModeSection.swift */,
				972327B6299292260041538A /* ModifierKeysSection */,
			);
			path = ScrollingSettings;
			sourceTree = "<group>";
		};
		972DF657285AE10F00B83932 /* PointerSettings */ = {
			isa = PBXGroup;
			children = (
				B7618A0F27621EDF00527C1A /* PointerSettings.swift */,
				97C5DBB72868158C006FA6B4 /* PointerSettingsState.swift */,
			);
			path = PointerSettings;
			sourceTree = "<group>";
		};
		972DF659285AEA9400B83932 /* ButtonsSettings */ = {
			isa = PBXGroup;
			children = (
				972DF65A285AEABA00B83932 /* ButtonsSettings.swift */,
				97C5DBC42868A1ED006FA6B4 /* ButtonsSettingsState.swift */,
				978DBC9B29A60D92002259B3 /* UniversalBackForwardSection.swift */,
				978DBC9D29A60E2F002259B3 /* ClickDebouncingSection.swift */,
				97FD8CE829BE0F8A00D93212 /* ButtonMappingsSection */,
			);
			path = ButtonsSettings;
			sourceTree = "<group>";
		};
		9735338D297F8ED200C1B5D0 /* ViewModifiers */ = {
			isa = PBXGroup;
			children = (
				9735338E297F8EE200C1B5D0 /* FormViewModifier.swift */,
			);
			path = ViewModifiers;
			sourceTree = "<group>";
		};
		973EB9FC287EE7C80069A8EF /* Mapping */ = {
			isa = PBXGroup;
			children = (
				97C5DBC228689FF9006FA6B4 /* Mapping.swift */,
				973EB9FD287EE7D90069A8EF /* Action.swift */,
				9758055A2A24CF800046E55E /* Action+Codable.swift */,
				975805582A24CF0F0046E55E /* Action+CustomStringConvertible.swift */,
			);
			path = Mapping;
			sourceTree = "<group>";
		};
		9757BB9729935462002333AA /* Scheme */ = {
			isa = PBXGroup;
			children = (
				9757BB982993546A002333AA /* Scrolling */,
			);
			path = Scheme;
			sourceTree = "<group>";
		};
		9757BB982993546A002333AA /* Scrolling */ = {
			isa = PBXGroup;
			children = (
				9757BB9929935474002333AA /* BidirectionalTests.swift */,
			);
			path = Scrolling;
			sourceTree = "<group>";
		};
		9766C4B5299E03C000FA3A9C /* AppIndicator */ = {
			isa = PBXGroup;
			children = (
				9766C4B3299E03B900FA3A9C /* AppIndicator.swift */,
				9766C4B6299E197400FA3A9C /* AppPickerSheet */,
			);
			path = AppIndicator;
			sourceTree = "<group>";
		};
		9766C4B6299E197400FA3A9C /* AppPickerSheet */ = {
			isa = PBXGroup;
			children = (
				9766C4B7299E199200FA3A9C /* AppPickerSheet.swift */,
				9766C4B9299E1A1400FA3A9C /* AppPicker.swift */,
				9766C4BB299E1C5C00FA3A9C /* AppPickerState.swift */,
			);
			path = AppPickerSheet;
			sourceTree = "<group>";
		};
		978DBCA129A663DD002259B3 /* ClickDebouncing */ = {
			isa = PBXGroup;
			children = (
				978DBCA229A663EB002259B3 /* ClickDebouncing.swift */,
			);
			path = ClickDebouncing;
			sourceTree = "<group>";
		};
		97B9D4972865EB9400137E60 /* Scheme */ = {
			isa = PBXGroup;
			children = (
				97F77FB0285F0CDC007C9C2B /* Scheme.swift */,
				97B9D49A2865EC3300137E60 /* If */,
				97C5DBC62868A2BA006FA6B4 /* Scrolling */,
				97C5DBBB28686EFC006FA6B4 /* Pointer.swift */,
				97C5DBC128689FEC006FA6B4 /* Buttons */,
			);
			path = Scheme;
			sourceTree = "<group>";
		};
		97B9D49A2865EC3300137E60 /* If */ = {
			isa = PBXGroup;
			children = (
				97B9D4982865EC0900137E60 /* If.swift */,
			);
			path = If;
			sourceTree = "<group>";
		};
		97B9D49B2865ED0500137E60 /* Configuration */ = {
			isa = PBXGroup;
			children = (
				97F77FAE285F0A58007C9C2B /* Configuration.swift */,
				972A5E31285D8B5B00CB6440 /* DeviceMatcher.swift */,
				97B9D4972865EB9400137E60 /* Scheme */,
			);
			path = Configuration;
			sourceTree = "<group>";
		};
		97C5D8F12856D9FE00CBED2D /* Modules */ = {
			isa = PBXGroup;
			children = (
				97C97726288FC19A009094BA /* DockKit */,
				97C5D8FD2856E3BE00CBED2D /* GestureKit */,
				97C9772B28910054009094BA /* KeyKit */,
				97A7A39928572FB600EE4833 /* PointerKit */,
				97A7A3982857266700EE4833 /* README.md */,
			);
			path = Modules;
			sourceTree = "<group>";
		};
		97C5D8F72856E18900CBED2D /* Frameworks */ = {
			isa = PBXGroup;
			children = (
			);
			name = Frameworks;
			sourceTree = "<group>";
		};
		97C5DBC128689FEC006FA6B4 /* Buttons */ = {
			isa = PBXGroup;
			children = (
				97C5DBBF28689F7E006FA6B4 /* Buttons.swift */,
				973EB9FC287EE7C80069A8EF /* Mapping */,
				978DBCA129A663DD002259B3 /* ClickDebouncing */,
			);
			path = Buttons;
			sourceTree = "<group>";
		};
		97C5DBC62868A2BA006FA6B4 /* Scrolling */ = {
			isa = PBXGroup;
			children = (
				97B83CDC2860B3FD00ECF109 /* Scrolling.swift */,
				97C5DBC72868A2C7006FA6B4 /* Modifiers.swift */,
				97A13AD1287094FB002F6193 /* Distance.swift */,
				9757BB9529935445002333AA /* Bidirectional.swift */,
			);
			path = Scrolling;
			sourceTree = "<group>";
		};
		97F77FAD285F09FA007C9C2B /* Model */ = {
			isa = PBXGroup;
			children = (
				97B9D49B2865ED0500137E60 /* Configuration */,
				97C5DBB52867ECD6006FA6B4 /* DeviceModel.swift */,
			);
			path = Model;
			sourceTree = "<group>";
		};
		97F77FB2285F453F007C9C2B /* Model */ = {
			isa = PBXGroup;
			children = (
				9757BB9729935462002333AA /* Scheme */,
				97F77FB3285F45AF007C9C2B /* ConfigurationTests.swift */,
			);
			path = Model;
			sourceTree = "<group>";
		};
		97F77FB5285F538E007C9C2B /* Codable */ = {
			isa = PBXGroup;
			children = (
				97F77FB6285F53A5007C9C2B /* SingleValueOrArray.swift */,
				97B83CDE2860C56700ECF109 /* HexRepresentation.swift */,
				97C5DBBD286875C2006FA6B4 /* Clamp.swift */,
				972327A4299146AA0041538A /* ImplicitOptional.swift */,
			);
			path = Codable;
			sourceTree = "<group>";
		};
		97FD8CE829BE0F8A00D93212 /* ButtonMappingsSection */ = {
			isa = PBXGroup;
			children = (
				97DB97C729AF79B9002F4668 /* ButtonMappingsSection.swift */,
				97FD8CE929BE0F9D00D93212 /* ButtonMapping.swift */,
				97FD8CEB29C1ABA800D93212 /* ButtonMappingEditSheet.swift */,
				9731B40429D7D86800FC3C24 /* ButtonMappingButtonRecorder.swift */,
				9731B40A29D7FE1D00FC3C24 /* ButtonMappingActionPicker.swift */,
			);
			path = ButtonMappingsSection;
			sourceTree = "<group>";
		};
		B75A060F2671E9D800BEAF77 = {
			isa = PBXGroup;
			children = (
				B7CD86AB27B38B26006C5C37 /* Config.xcconfig */,
				B75A061A2671E9D800BEAF77 /* LinearMouse */,
				97C5D8F12856D9FE00CBED2D /* Modules */,
				B716F16326BC19350052F551 /* LICENSE */,
				B716F16226BC18AB0052F551 /* README.md */,
				B7ADF9962748ED620005B02D /* LinearMouseUnitTests */,
				B75A06192671E9D800BEAF77 /* Products */,
				97C5D8F72856E18900CBED2D /* Frameworks */,
			);
			sourceTree = "<group>";
		};
		B75A06192671E9D800BEAF77 /* Products */ = {
			isa = PBXGroup;
			children = (
				B75A06182671E9D800BEAF77 /* LinearMouse.app */,
				B7ADF9952748ED620005B02D /* LinearMouseUnitTests.xctest */,
			);
			name = Products;
			sourceTree = "<group>";
		};
		B75A061A2671E9D800BEAF77 /* LinearMouse */ = {
			isa = PBXGroup;
			children = (
				972DF62F2859754D00B83932 /* Utilities */,
				B7ADF9902748EAB80005B02D /* MouseEventView */,
				B77BA0F027480A9700E3BC5C /* EventTransformer */,
				B7ADF9892748B65D0005B02D /* UI */,
				972A5E2B285D881700CB6440 /* State */,
				97F77FAD285F09FA007C9C2B /* Model */,
				B77D7C1327BA58DB00825F54 /* Device */,
				B794BFE126BC0B2F003B11EF /* LinearMouse-Bridging-Header.h */,
				B75A061B2671E9D800BEAF77 /* AppDelegate.swift */,
				B75A061F2671E9DA00BEAF77 /* Assets.xcassets */,
				B75A06272671E9DA00BEAF77 /* Info.plist */,
				B75A06282671E9DA00BEAF77 /* LinearMouse.entitlements */,
				B75A06212671E9DA00BEAF77 /* Preview Content */,
				972AFD462851E6B0009B0CBF /* AccessibilityPermission.swift */,
				B7BD51802672FEB5001FE742 /* EventTap.swift */,
				B77A160D2674B3DD00E99A5D /* LinearMouse.swift */,
				B76173462675AD8700CC9412 /* Localizable.strings */,
				B7B6D83B26B2726B00B0D247 /* ModifierKeys.swift */,
				B7842924278D985600D207F0 /* AutoUpdateManager.swift */,
				B77A160F2674B85300E99A5D /* DefaultsKeys.swift */,
			);
			path = LinearMouse;
			sourceTree = "<group>";
		};
		B75A06212671E9DA00BEAF77 /* Preview Content */ = {
			isa = PBXGroup;
			children = (
				B75A06222671E9DA00BEAF77 /* Preview Assets.xcassets */,
			);
			path = "Preview Content";
			sourceTree = "<group>";
		};
		B77BA0F027480A9700E3BC5C /* EventTransformer */ = {
			isa = PBXGroup;
			children = (
				B77BA0F127480AA500E3BC5C /* EventTransformer.swift */,
				97A2F60929508AD800F31122 /* EventTransformerManager.swift */,
				B7ADF97E2748991D0005B02D /* ReverseScrollingTransformer.swift */,
				97353385297ED84600C1B5D0 /* ScrollingAccelerationSpeedAdjustmentTransformer.swift */,
				B7ADF9822748B12B0005B02D /* LinearScrollingVerticalTransformer.swift */,
				97E16F4E28F9A22A00E7D09B /* LinearScrollingHorizontalTransformer.swift */,
				B7ADF9842748B25A0005B02D /* ModifierActionsTransformer.swift */,
				B716F15F26BC10B80052F551 /* UniversalBackForwardTransformer.swift */,
				978DBC9F29A61D50002259B3 /* ClickDebouncingTransformer.swift */,
				97B913FD28869F0500DC920A /* ButtonActionsTransformer.swift */,
			);
			path = EventTransformer;
			sourceTree = "<group>";
		};
		B77D7C1327BA58DB00825F54 /* Device */ = {
			isa = PBXGroup;
			children = (
				B77D7C1427BA58F300825F54 /* DeviceManager.swift */,
				B77D7C1627BA597E00825F54 /* Device.swift */,
			);
			path = Device;
			sourceTree = "<group>";
		};
		B7ADF9892748B65D0005B02D /* UI */ = {
			isa = PBXGroup;
			children = (
				972DF63E28599F4500B83932 /* Extensions */,
				9735338D297F8ED200C1B5D0 /* ViewModifiers */,
				972DF64D285A2D6D00B83932 /* ButtonStyle */,
				971338AD289B649D005A74D2 /* HelpButton */,
				972DF6362859979F00B83932 /* Sidebar */,
				972DF644285A266C00B83932 /* Header */,
				972DF64A285A295C00B83932 /* DetailView */,
				972DF655285AE0AA00B83932 /* ScrollingSettings */,
				972DF657285AE10F00B83932 /* PointerSettings */,
				972DF659285AEA9400B83932 /* ButtonsSettings */,
				972DF652285ADE8800B83932 /* GeneralSettings */,
				97F77FAB285E3055007C9C2B /* StatusItem.swift */,
				B77A16112674C21600E99A5D /* Settings.swift */,
				B77A16162674D88E00E99A5D /* SettingsWindow.swift */,
				B75A06242671E9DA00BEAF77 /* Main.storyboard */,
				B77A161A2674EF0E00E99A5D /* HyperLink.swift */,
				972AFD482851E96D009B0CBF /* AccessibilityPermissionWindow.swift */,
				972AFD442851C101009B0CBF /* AccessibilityPermissionView.swift */,
				B7842926278D9BBC00D207F0 /* CheckForUpdatesView.swift */,
			);
			path = UI;
			sourceTree = "<group>";
		};
		B7ADF9902748EAB80005B02D /* MouseEventView */ = {
			isa = PBXGroup;
			children = (
				B7ADF98E2748E6400005B02D /* MouseEventView.swift */,
				B7ADF98C2748E5010005B02D /* ScrollWheelEventView.swift */,
			);
			path = MouseEventView;
			sourceTree = "<group>";
		};
		B7ADF9962748ED620005B02D /* LinearMouseUnitTests */ = {
			isa = PBXGroup;
			children = (
				972327A629914BFA0041538A /* Utilities */,
				B7ADF9A02749187A0005B02D /* Event */,
				97F77FB2285F453F007C9C2B /* Model */,
			);
			path = LinearMouseUnitTests;
			sourceTree = "<group>";
		};
		B7ADF9A02749187A0005B02D /* Event */ = {
			isa = PBXGroup;
			children = (
				B7ADF99E274918540005B02D /* ReverseScrollingTransformerTests.swift */,
				B754147D274E3AB0003CDAD0 /* LinearScrollingTransformerTests.swift */,
				B754147F274E3CEF003CDAD0 /* ModifierActionsTransformerTests.swift */,
			);
			path = Event;
			sourceTree = "<group>";
		};
/* End PBXGroup section */

/* Begin PBXNativeTarget section */
		B75A06172671E9D800BEAF77 /* LinearMouse */ = {
			isa = PBXNativeTarget;
			buildConfigurationList = B75A062B2671E9DA00BEAF77 /* Build configuration list for PBXNativeTarget "LinearMouse" */;
			buildPhases = (
				B75A06142671E9D800BEAF77 /* Sources */,
				B75A06152671E9D800BEAF77 /* Frameworks */,
				B75A06162671E9D800BEAF77 /* Resources */,
				B70A58F7284F988B00E5C86E /* Copy “Launch at Login Helper” */,
			);
			buildRules = (
			);
			dependencies = (
			);
			name = LinearMouse;
			packageProductDependencies = (
				B784292C278DB06600D207F0 /* Sparkle */,
				B7F6C5F727A4F6A800E5400B /* LRUCache */,
				B73AC55027C29C7C00F7D3E8 /* Version */,
				B70A58F5284F987900E5C86E /* LaunchAtLogin */,
				97C5D8FE2856E3CB00CBED2D /* GestureKit */,
				97A7A39B28587E8C00EE4833 /* PointerKit */,
				972A5E2F285D891100CB6440 /* Defaults */,
				977638F8286BE9EE00A698B6 /* PublishedObject */,
				97C97727288FC49F009094BA /* DockKit */,
				97C9772C28910E4F009094BA /* KeyKit */,
				978DBCA529AB1732002259B3 /* JSONPatcher */,
				97FC692E29F44D0100859859 /* AppMover */,
			);
			productName = LinearMouse;
			productReference = B75A06182671E9D800BEAF77 /* LinearMouse.app */;
			productType = "com.apple.product-type.application";
		};
		B7ADF9942748ED620005B02D /* LinearMouseUnitTests */ = {
			isa = PBXNativeTarget;
			buildConfigurationList = B7ADF99D2748ED620005B02D /* Build configuration list for PBXNativeTarget "LinearMouseUnitTests" */;
			buildPhases = (
				B7ADF9912748ED620005B02D /* Sources */,
				B7ADF9922748ED620005B02D /* Frameworks */,
				B7ADF9932748ED620005B02D /* Resources */,
			);
			buildRules = (
			);
			dependencies = (
				B7ADF99A2748ED620005B02D /* PBXTargetDependency */,
			);
			name = LinearMouseUnitTests;
			productName = LinearMouseUnitTests;
			productReference = B7ADF9952748ED620005B02D /* LinearMouseUnitTests.xctest */;
			productType = "com.apple.product-type.bundle.unit-test";
		};
/* End PBXNativeTarget section */

/* Begin PBXProject section */
		B75A06102671E9D800BEAF77 /* Project object */ = {
			isa = PBXProject;
			attributes = {
				LastSwiftUpdateCheck = 1310;
				LastUpgradeCheck = 1420;
				TargetAttributes = {
					B75A06172671E9D800BEAF77 = {
						CreatedOnToolsVersion = 12.5;
					};
					B7ADF9942748ED620005B02D = {
						CreatedOnToolsVersion = 13.1;
						TestTargetID = B75A06172671E9D800BEAF77;
					};
				};
			};
			buildConfigurationList = B75A06132671E9D800BEAF77 /* Build configuration list for PBXProject "LinearMouse" */;
			compatibilityVersion = "Xcode 9.3";
			developmentRegion = en;
			hasScannedForEncodings = 0;
			knownRegions = (
				en,
				Base,
				"zh-Hans",
				"zh-Hant",
				ru,
				de,
				af,
				hu,
				ko,
				it,
				no,
				nb,
				ro,
				cs,
				el,
				es,
				pt,
				da,
				vi,
				ja,
				ca,
				pl,
				"pt-BR",
				uk,
				he,
				sr,
				tr,
				ar,
				sv,
				fi,
				fr,
				nl,
				"zh-HK",
			);
			mainGroup = B75A060F2671E9D800BEAF77;
			packageReferences = (
				B784292B278DB06600D207F0 /* XCRemoteSwiftPackageReference "Sparkle" */,
				B7F6C5F627A4F6A800E5400B /* XCRemoteSwiftPackageReference "LRUCache" */,
				B73AC54F27C29C7C00F7D3E8 /* XCRemoteSwiftPackageReference "Version" */,
				B70A58F4284F987900E5C86E /* XCRemoteSwiftPackageReference "LaunchAtLogin" */,
				972A5E2E285D891100CB6440 /* XCRemoteSwiftPackageReference "Defaults" */,
				977638F7286BE9EE00A698B6 /* XCRemoteSwiftPackageReference "PublishedObject" */,
				978DBCA429AB1732002259B3 /* XCRemoteSwiftPackageReference "JSONPatcher" */,
				97FC692B29F44CE000859859 /* XCRemoteSwiftPackageReference "AppMover" */,
			);
			productRefGroup = B75A06192671E9D800BEAF77 /* Products */;
			projectDirPath = "";
			projectRoot = "";
			targets = (
				B75A06172671E9D800BEAF77 /* LinearMouse */,
				B7ADF9942748ED620005B02D /* LinearMouseUnitTests */,
			);
		};
/* End PBXProject section */

/* Begin PBXResourcesBuildPhase section */
		B75A06162671E9D800BEAF77 /* Resources */ = {
			isa = PBXResourcesBuildPhase;
			buildActionMask = 2147483647;
			files = (
				B75A06262671E9DA00BEAF77 /* Main.storyboard in Resources */,
				B76173442675AD8700CC9412 /* Localizable.strings in Resources */,
				B75A06232671E9DA00BEAF77 /* Preview Assets.xcassets in Resources */,
				B75A06202671E9DA00BEAF77 /* Assets.xcassets in Resources */,
			);
			runOnlyForDeploymentPostprocessing = 0;
		};
		B7ADF9932748ED620005B02D /* Resources */ = {
			isa = PBXResourcesBuildPhase;
			buildActionMask = 2147483647;
			files = (
			);
			runOnlyForDeploymentPostprocessing = 0;
		};
/* End PBXResourcesBuildPhase section */

/* Begin PBXShellScriptBuildPhase section */
		B70A58F7284F988B00E5C86E /* Copy “Launch at Login Helper” */ = {
			isa = PBXShellScriptBuildPhase;
			buildActionMask = 8;
			files = (
			);
			inputFileListPaths = (
			);
			inputPaths = (
			);
			name = "Copy “Launch at Login Helper”";
			outputFileListPaths = (
			);
			outputPaths = (
			);
			runOnlyForDeploymentPostprocessing = 1;
			shellPath = /bin/sh;
			shellScript = "\"${BUILT_PRODUCTS_DIR}/LaunchAtLogin_LaunchAtLogin.bundle/Contents/Resources/copy-helper-swiftpm.sh\"\n";
		};
/* End PBXShellScriptBuildPhase section */

/* Begin PBXSourcesBuildPhase section */
		B75A06142671E9D800BEAF77 /* Sources */ = {
			isa = PBXSourcesBuildPhase;
			buildActionMask = 2147483647;
			files = (
				978DBC9E29A60E2F002259B3 /* ClickDebouncingSection.swift in Sources */,
				9766C4BC299E1C5C00FA3A9C /* AppPickerState.swift in Sources */,
				9704BA992976E84C00C8B06D /* SettingsState.swift in Sources */,
				972327B12992912F0041538A /* ReverseScrollingSection.swift in Sources */,
				972DF65B285AEABA00B83932 /* ButtonsSettings.swift in Sources */,
				9766C4B4299E03B900FA3A9C /* AppIndicator.swift in Sources */,
				973EB9FE287EE7D90069A8EF /* Action.swift in Sources */,
				B77D7C1727BA597E00825F54 /* Device.swift in Sources */,
				972327AD29924C850041538A /* ScrollingSettingsState.swift in Sources */,
				B77A16102674B85300E99A5D /* DefaultsKeys.swift in Sources */,
				B77BA0F227480AA500E3BC5C /* EventTransformer.swift in Sources */,
				972AFD492851E96D009B0CBF /* AccessibilityPermissionWindow.swift in Sources */,
				9731B40729D7DAC600FC3C24 /* View.swift in Sources */,
				B7618A1027621EDF00527C1A /* PointerSettings.swift in Sources */,
				9766C4B8299E199200FA3A9C /* AppPickerSheet.swift in Sources */,
				97C5DBC82868A2C7006FA6B4 /* Modifiers.swift in Sources */,
				972A5E24285CA4AA00CB6440 /* DevicePickerState.swift in Sources */,
				972DF651285A35B100B83932 /* DeviceIndicatorState.swift in Sources */,
				972DF6422859C1AC00B83932 /* SidebarItem.swift in Sources */,
				971338AF289B64C1005A74D2 /* HelpButton.swift in Sources */,
				972327B5299291F40041538A /* ModifierKeysSection.swift in Sources */,
				B7ADF98D2748E5010005B02D /* ScrollWheelEventView.swift in Sources */,
				B7ADF9852748B25A0005B02D /* ModifierActionsTransformer.swift in Sources */,
				97E16F4F28F9A22A00E7D09B /* LinearScrollingHorizontalTransformer.swift in Sources */,
				97C5DBB82868158C006FA6B4 /* PointerSettingsState.swift in Sources */,
				B77A161B2674EF0E00E99A5D /* HyperLink.swift in Sources */,
				97B83CE52860DA9800ECF109 /* CustomDecodingError.swift in Sources */,
				97B9D4992865EC0900137E60 /* If.swift in Sources */,
				B7ADF97F2748991D0005B02D /* ReverseScrollingTransformer.swift in Sources */,
				97F77FB1285F0CDC007C9C2B /* Scheme.swift in Sources */,
				97A2F60A29508AD800F31122 /* EventTransformerManager.swift in Sources */,
				972A5E32285D8B5B00CB6440 /* DeviceMatcher.swift in Sources */,
				9735338F297F8EE200C1B5D0 /* FormViewModifier.swift in Sources */,
				97B83CDF2860C56700ECF109 /* HexRepresentation.swift in Sources */,
				B7842927278D9BBC00D207F0 /* CheckForUpdatesView.swift in Sources */,
				972A5E2D285D882500CB6440 /* DeviceState.swift in Sources */,
				972DF6312859756700B83932 /* ProcessEnvironment.swift in Sources */,
				97C5DBC028689F7E006FA6B4 /* Buttons.swift in Sources */,
				97A13AD2287094FB002F6193 /* Distance.swift in Sources */,
				97B83CDD2860B3FD00ECF109 /* Scrolling.swift in Sources */,
				97B83CDB28607E2600ECF109 /* ConfigurationState.swift in Sources */,
				97F77FAF285F0A58007C9C2B /* Configuration.swift in Sources */,
				9766C4BA299E1A1400FA3A9C /* AppPicker.swift in Sources */,
				972A5E22285CA49800CB6440 /* DevicePicker.swift in Sources */,
				B7B6D83E26B2745300B0D247 /* ModifierKeyActionPicker.swift in Sources */,
				972327AF29928FBD0041538A /* Header.swift in Sources */,
				97F77FAC285E3055007C9C2B /* StatusItem.swift in Sources */,
				B7B1D08F26B3EC4F00F48176 /* ScrollingSettings.swift in Sources */,
				972AFBAE29A10F80001C5099 /* ApplicationBundle.swift in Sources */,
				9757BB9629935445002333AA /* Bidirectional.swift in Sources */,
				972DF64F285A2D7C00B83932 /* SecondaryButtonStyle.swift in Sources */,
				97B913FE28869F0500DC920A /* ButtonActionsTransformer.swift in Sources */,
				972DF646285A269500B83932 /* SchemeIndicator.swift in Sources */,
				97FD8CEA29BE0F9D00D93212 /* ButtonMapping.swift in Sources */,
				B7B6D83C26B2726B00B0D247 /* ModifierKeys.swift in Sources */,
				9758055B2A24CF800046E55E /* Action+Codable.swift in Sources */,
				B77A160E2674B3DD00E99A5D /* LinearMouse.swift in Sources */,
				97F77FB7285F53A5007C9C2B /* SingleValueOrArray.swift in Sources */,
				972A5E28285D4EB500CB6440 /* DevicePickerSection.swift in Sources */,
				972A5E1F285CA43D00CB6440 /* DevicePickerSheet.swift in Sources */,
				97C5DBB42867EA48006FA6B4 /* SchemeState.swift in Sources */,
				97C5DBB62867ECD6006FA6B4 /* DeviceModel.swift in Sources */,
				97DB97C829AF79B9002F4668 /* ButtonMappingsSection.swift in Sources */,
				97FD8CEC29C1ABA800D93212 /* ButtonMappingEditSheet.swift in Sources */,
				B716F16026BC10B80052F551 /* UniversalBackForwardTransformer.swift in Sources */,
				B77A16172674D88E00E99A5D /* SettingsWindow.swift in Sources */,
				B7842925278D985600D207F0 /* AutoUpdateManager.swift in Sources */,
				97C5DBC328689FF9006FA6B4 /* Mapping.swift in Sources */,
				B77D7C1527BA58F300825F54 /* DeviceManager.swift in Sources */,
				97C5DBBA28682809006FA6B4 /* Extensions.swift in Sources */,
				B7ADF98F2748E6400005B02D /* MouseEventView.swift in Sources */,
				97F77FA8285DC828007C9C2B /* Environment.swift in Sources */,
				97A46B17285444BF00C07C9B /* NSWindow.swift in Sources */,
				978DBCA029A61D50002259B3 /* ClickDebouncingTransformer.swift in Sources */,
				972AFD452851C101009B0CBF /* AccessibilityPermissionView.swift in Sources */,
				B75A061C2671E9D800BEAF77 /* AppDelegate.swift in Sources */,
				972DF63A285997CD00B83932 /* Sidebar.swift in Sources */,
				B7BD51812672FEB5001FE742 /* EventTap.swift in Sources */,
				97C5DBBE286875C2006FA6B4 /* Clamp.swift in Sources */,
				972327B3299291860041538A /* ScrollingModeSection.swift in Sources */,
				9731B40529D7D86800FC3C24 /* ButtonMappingButtonRecorder.swift in Sources */,
				978DBCA329A663EB002259B3 /* ClickDebouncing.swift in Sources */,
				9731B40B29D7FE1D00FC3C24 /* ButtonMappingActionPicker.swift in Sources */,
				972327A5299146AA0041538A /* ImplicitOptional.swift in Sources */,
				97D3470C293CDEA000E7DFE1 /* WeakRef.swift in Sources */,
				97C5DBBC28686EFC006FA6B4 /* Pointer.swift in Sources */,
				97C5DBC52868A1ED006FA6B4 /* ButtonsSettingsState.swift in Sources */,
				972DF649285A26F700B83932 /* DeviceIndicator.swift in Sources */,
				975805592A24CF0F0046E55E /* Action+CustomStringConvertible.swift in Sources */,
				972DF654285ADE9600B83932 /* GeneralSettings.swift in Sources */,
				97F77FA4285DC467007C9C2B /* DevicePickerSectionState.swift in Sources */,
				972AFD472851E6B0009B0CBF /* AccessibilityPermission.swift in Sources */,
				B7ADF9832748B12B0005B02D /* LinearScrollingVerticalTransformer.swift in Sources */,
				B77A16122674C21600E99A5D /* Settings.swift in Sources */,
				972DF64C285A298600B83932 /* DetailView.swift in Sources */,
				972A5E2A285D5D0100CB6440 /* DeviceButtonStyle.swift in Sources */,
				978DBC9C29A60D92002259B3 /* UniversalBackForwardSection.swift in Sources */,
				97F77FAA285E178B007C9C2B /* DevicePickerSectionItem.swift in Sources */,
				36EBC3223E2CEE09F84076D8 /* Process.m in Sources */,
				97353386297ED84600C1B5D0 /* ScrollingAccelerationSpeedAdjustmentTransformer.swift in Sources */,
				973ADFCE29E2F18C00443649 /* LoggingSection.swift in Sources */,
			);
			runOnlyForDeploymentPostprocessing = 0;
		};
		B7ADF9912748ED620005B02D /* Sources */ = {
			isa = PBXSourcesBuildPhase;
			buildActionMask = 2147483647;
			files = (
				B754147E274E3AB0003CDAD0 /* LinearScrollingTransformerTests.swift in Sources */,
				972327A929914C1C0041538A /* ImplicitOptionalTests.swift in Sources */,
				B7541480274E3CEF003CDAD0 /* ModifierActionsTransformerTests.swift in Sources */,
				97F77FB4285F45AF007C9C2B /* ConfigurationTests.swift in Sources */,
				B7ADF99F274918540005B02D /* ReverseScrollingTransformerTests.swift in Sources */,
				9757BB9A29935474002333AA /* BidirectionalTests.swift in Sources */,
			);
			runOnlyForDeploymentPostprocessing = 0;
		};
/* End PBXSourcesBuildPhase section */

/* Begin PBXTargetDependency section */
		B7ADF99A2748ED620005B02D /* PBXTargetDependency */ = {
			isa = PBXTargetDependency;
			target = B75A06172671E9D800BEAF77 /* LinearMouse */;
			targetProxy = B7ADF9992748ED620005B02D /* PBXContainerItemProxy */;
		};
/* End PBXTargetDependency section */

/* Begin PBXVariantGroup section */
		B75A06242671E9DA00BEAF77 /* Main.storyboard */ = {
			isa = PBXVariantGroup;
			children = (
				B75A06252671E9DA00BEAF77 /* Base */,
			);
			name = Main.storyboard;
			sourceTree = "<group>";
		};
		B76173462675AD8700CC9412 /* Localizable.strings */ = {
			isa = PBXVariantGroup;
			children = (
				B76173452675AD8700CC9412 /* zh-Hans */,
				B7E897E22675B1D9003C7058 /* zh-Hant */,
				B7BE467927B28A8600168BB9 /* en */,
				B7BE467A27B28B8700168BB9 /* ru */,
				B7BE467B27B3619300168BB9 /* de */,
				B7BE467F27B3763400168BB9 /* af */,
				B7BE468027B3768A00168BB9 /* hu */,
				B7BE468127B3768B00168BB9 /* ko */,
				B7BE468227B3768B00168BB9 /* it */,
				B7BE468327B3768B00168BB9 /* no */,
				B7BE468427B3768B00168BB9 /* ro */,
				B7BE468527B3768B00168BB9 /* cs */,
				B7BE468627B3768B00168BB9 /* el */,
				B7BE468727B3768B00168BB9 /* es */,
				B7BE468827B3768B00168BB9 /* pt */,
				B7BE468927B3768B00168BB9 /* da */,
				B7BE468A27B3768B00168BB9 /* vi */,
				B7BE468B27B3768B00168BB9 /* ja */,
				B7BE468C27B3768B00168BB9 /* ca */,
				B7BE468D27B3768B00168BB9 /* pl */,
				B7BE468E27B3768B00168BB9 /* pt-BR */,
				B7BE468F27B3768B00168BB9 /* uk */,
				B7BE469027B3768B00168BB9 /* he */,
				B7BE469127B3768B00168BB9 /* sr */,
				B7BE469227B3768B00168BB9 /* tr */,
				B7BE469327B3768B00168BB9 /* ar */,
				B7BE469427B3768B00168BB9 /* sv */,
				B7BE469527B3768B00168BB9 /* fi */,
				B7BE469627B3768B00168BB9 /* fr */,
				B7BE469727B3768B00168BB9 /* nl */,
				97C9772928900298009094BA /* zh-HK */,
			);
			name = Localizable.strings;
			sourceTree = "<group>";
		};
/* End PBXVariantGroup section */

/* Begin XCBuildConfiguration section */
		B75A06292671E9DA00BEAF77 /* Debug */ = {
			isa = XCBuildConfiguration;
			baseConfigurationReference = B7CD86AB27B38B26006C5C37 /* Config.xcconfig */;
			buildSettings = {
				ALWAYS_SEARCH_USER_PATHS = NO;
				CLANG_ANALYZER_LOCALIZABILITY_NONLOCALIZED = YES;
				CLANG_ANALYZER_NONNULL = YES;
				CLANG_ANALYZER_NUMBER_OBJECT_CONVERSION = YES_AGGRESSIVE;
				CLANG_CXX_LANGUAGE_STANDARD = "gnu++14";
				CLANG_CXX_LIBRARY = "libc++";
				CLANG_ENABLE_MODULES = YES;
				CLANG_ENABLE_OBJC_ARC = YES;
				CLANG_ENABLE_OBJC_WEAK = YES;
				CLANG_WARN_BLOCK_CAPTURE_AUTORELEASING = YES;
				CLANG_WARN_BOOL_CONVERSION = YES;
				CLANG_WARN_COMMA = YES;
				CLANG_WARN_CONSTANT_CONVERSION = YES;
				CLANG_WARN_DEPRECATED_OBJC_IMPLEMENTATIONS = YES;
				CLANG_WARN_DIRECT_OBJC_ISA_USAGE = YES_ERROR;
				CLANG_WARN_DOCUMENTATION_COMMENTS = YES;
				CLANG_WARN_EMPTY_BODY = YES;
				CLANG_WARN_ENUM_CONVERSION = YES;
				CLANG_WARN_INFINITE_RECURSION = YES;
				CLANG_WARN_INT_CONVERSION = YES;
				CLANG_WARN_NON_LITERAL_NULL_CONVERSION = YES;
				CLANG_WARN_OBJC_IMPLICIT_RETAIN_SELF = YES;
				CLANG_WARN_OBJC_LITERAL_CONVERSION = YES;
				CLANG_WARN_OBJC_ROOT_CLASS = YES_ERROR;
				CLANG_WARN_QUOTED_INCLUDE_IN_FRAMEWORK_HEADER = YES;
				CLANG_WARN_RANGE_LOOP_ANALYSIS = YES;
				CLANG_WARN_STRICT_PROTOTYPES = YES;
				CLANG_WARN_SUSPICIOUS_MOVE = YES;
				CLANG_WARN_UNGUARDED_AVAILABILITY = YES_AGGRESSIVE;
				CLANG_WARN_UNREACHABLE_CODE = YES;
				CLANG_WARN__DUPLICATE_METHOD_MATCH = YES;
				COPY_PHASE_STRIP = NO;
				DEAD_CODE_STRIPPING = YES;
				DEBUG_INFORMATION_FORMAT = dwarf;
				ENABLE_STRICT_OBJC_MSGSEND = YES;
				ENABLE_TESTABILITY = YES;
				GCC_C_LANGUAGE_STANDARD = gnu11;
				GCC_DYNAMIC_NO_PIC = NO;
				GCC_NO_COMMON_BLOCKS = YES;
				GCC_OPTIMIZATION_LEVEL = 0;
				GCC_PREPROCESSOR_DEFINITIONS = (
					"DEBUG=1",
					"$(inherited)",
				);
				GCC_WARN_64_TO_32_BIT_CONVERSION = YES;
				GCC_WARN_ABOUT_RETURN_TYPE = YES_ERROR;
				GCC_WARN_UNDECLARED_SELECTOR = YES;
				GCC_WARN_UNINITIALIZED_AUTOS = YES_AGGRESSIVE;
				GCC_WARN_UNUSED_FUNCTION = YES;
				GCC_WARN_UNUSED_VARIABLE = YES;
				MACOSX_DEPLOYMENT_TARGET = 10.15;
				MTL_ENABLE_DEBUG_INFO = INCLUDE_SOURCE;
				MTL_FAST_MATH = YES;
				ONLY_ACTIVE_ARCH = YES;
				SDKROOT = macosx;
				SWIFT_ACTIVE_COMPILATION_CONDITIONS = DEBUG;
				SWIFT_OPTIMIZATION_LEVEL = "-Onone";
			};
			name = Debug;
		};
		B75A062A2671E9DA00BEAF77 /* Release */ = {
			isa = XCBuildConfiguration;
			baseConfigurationReference = B7CD86AB27B38B26006C5C37 /* Config.xcconfig */;
			buildSettings = {
				ALWAYS_SEARCH_USER_PATHS = NO;
				CLANG_ANALYZER_LOCALIZABILITY_NONLOCALIZED = YES;
				CLANG_ANALYZER_NONNULL = YES;
				CLANG_ANALYZER_NUMBER_OBJECT_CONVERSION = YES_AGGRESSIVE;
				CLANG_CXX_LANGUAGE_STANDARD = "gnu++14";
				CLANG_CXX_LIBRARY = "libc++";
				CLANG_ENABLE_MODULES = YES;
				CLANG_ENABLE_OBJC_ARC = YES;
				CLANG_ENABLE_OBJC_WEAK = YES;
				CLANG_WARN_BLOCK_CAPTURE_AUTORELEASING = YES;
				CLANG_WARN_BOOL_CONVERSION = YES;
				CLANG_WARN_COMMA = YES;
				CLANG_WARN_CONSTANT_CONVERSION = YES;
				CLANG_WARN_DEPRECATED_OBJC_IMPLEMENTATIONS = YES;
				CLANG_WARN_DIRECT_OBJC_ISA_USAGE = YES_ERROR;
				CLANG_WARN_DOCUMENTATION_COMMENTS = YES;
				CLANG_WARN_EMPTY_BODY = YES;
				CLANG_WARN_ENUM_CONVERSION = YES;
				CLANG_WARN_INFINITE_RECURSION = YES;
				CLANG_WARN_INT_CONVERSION = YES;
				CLANG_WARN_NON_LITERAL_NULL_CONVERSION = YES;
				CLANG_WARN_OBJC_IMPLICIT_RETAIN_SELF = YES;
				CLANG_WARN_OBJC_LITERAL_CONVERSION = YES;
				CLANG_WARN_OBJC_ROOT_CLASS = YES_ERROR;
				CLANG_WARN_QUOTED_INCLUDE_IN_FRAMEWORK_HEADER = YES;
				CLANG_WARN_RANGE_LOOP_ANALYSIS = YES;
				CLANG_WARN_STRICT_PROTOTYPES = YES;
				CLANG_WARN_SUSPICIOUS_MOVE = YES;
				CLANG_WARN_UNGUARDED_AVAILABILITY = YES_AGGRESSIVE;
				CLANG_WARN_UNREACHABLE_CODE = YES;
				CLANG_WARN__DUPLICATE_METHOD_MATCH = YES;
				COPY_PHASE_STRIP = NO;
				DEAD_CODE_STRIPPING = YES;
				DEBUG_INFORMATION_FORMAT = "dwarf-with-dsym";
				ENABLE_NS_ASSERTIONS = NO;
				ENABLE_STRICT_OBJC_MSGSEND = YES;
				GCC_C_LANGUAGE_STANDARD = gnu11;
				GCC_NO_COMMON_BLOCKS = YES;
				GCC_WARN_64_TO_32_BIT_CONVERSION = YES;
				GCC_WARN_ABOUT_RETURN_TYPE = YES_ERROR;
				GCC_WARN_UNDECLARED_SELECTOR = YES;
				GCC_WARN_UNINITIALIZED_AUTOS = YES_AGGRESSIVE;
				GCC_WARN_UNUSED_FUNCTION = YES;
				GCC_WARN_UNUSED_VARIABLE = YES;
				MACOSX_DEPLOYMENT_TARGET = 10.15;
				MTL_ENABLE_DEBUG_INFO = NO;
				MTL_FAST_MATH = YES;
				ONLY_ACTIVE_ARCH = NO;
				SDKROOT = macosx;
				SWIFT_COMPILATION_MODE = wholemodule;
				SWIFT_OPTIMIZATION_LEVEL = "-O";
			};
			name = Release;
		};
		B75A062C2671E9DA00BEAF77 /* Debug */ = {
			isa = XCBuildConfiguration;
			buildSettings = {
				ASSETCATALOG_COMPILER_GLOBAL_ACCENT_COLOR_NAME = AccentColor;
				CODE_SIGN_ENTITLEMENTS = LinearMouse/LinearMouse.entitlements;
				COMBINE_HIDPI_IMAGES = YES;
				DEVELOPMENT_ASSET_PATHS = "\"LinearMouse/Preview Content\"";
				ENABLE_HARDENED_RUNTIME = YES;
				ENABLE_PREVIEWS = YES;
				INFOPLIST_FILE = LinearMouse/Info.plist;
				INFOPLIST_KEY_LSApplicationCategoryType = "public.app-category.utilities";
				LD_RUNPATH_SEARCH_PATHS = (
					"$(inherited)",
					"@executable_path/../Frameworks",
				);
				MACOSX_DEPLOYMENT_TARGET = 10.15;
				PRODUCT_NAME = "$(TARGET_NAME)";
				PROVISIONING_PROFILE_SPECIFIER = "";
				SWIFT_OBJC_BRIDGING_HEADER = "LinearMouse/LinearMouse-Bridging-Header.h";
				SWIFT_VERSION = 5.0;
			};
			name = Debug;
		};
		B75A062D2671E9DA00BEAF77 /* Release */ = {
			isa = XCBuildConfiguration;
			buildSettings = {
				ASSETCATALOG_COMPILER_GLOBAL_ACCENT_COLOR_NAME = AccentColor;
				CODE_SIGN_ENTITLEMENTS = LinearMouse/LinearMouse.entitlements;
				COMBINE_HIDPI_IMAGES = YES;
				DEVELOPMENT_ASSET_PATHS = "\"LinearMouse/Preview Content\"";
				ENABLE_HARDENED_RUNTIME = YES;
				ENABLE_PREVIEWS = YES;
				INFOPLIST_FILE = LinearMouse/Info.plist;
				INFOPLIST_KEY_LSApplicationCategoryType = "public.app-category.utilities";
				LD_RUNPATH_SEARCH_PATHS = (
					"$(inherited)",
					"@executable_path/../Frameworks",
				);
				MACOSX_DEPLOYMENT_TARGET = 10.15;
				PRODUCT_NAME = "$(TARGET_NAME)";
				PROVISIONING_PROFILE_SPECIFIER = "";
				SWIFT_OBJC_BRIDGING_HEADER = "LinearMouse/LinearMouse-Bridging-Header.h";
				SWIFT_VERSION = 5.0;
			};
			name = Release;
		};
		B7ADF99B2748ED620005B02D /* Debug */ = {
			isa = XCBuildConfiguration;
			buildSettings = {
				BUNDLE_LOADER = "$(TEST_HOST)";
				CLANG_CXX_LANGUAGE_STANDARD = "gnu++17";
				COMBINE_HIDPI_IMAGES = YES;
				CURRENT_PROJECT_VERSION = 1;
				GENERATE_INFOPLIST_FILE = YES;
				LD_RUNPATH_SEARCH_PATHS = (
					"$(inherited)",
					"@executable_path/../Frameworks",
					"@loader_path/../Frameworks",
				);
				MACOSX_DEPLOYMENT_TARGET = 11.0;
				MARKETING_VERSION = 1.0;
				PRODUCT_BUNDLE_IDENTIFIER = com.lujjjh.LinearMouseUnitTests;
				PRODUCT_NAME = "$(TARGET_NAME)";
				SWIFT_EMIT_LOC_STRINGS = NO;
				SWIFT_VERSION = 5.0;
				TEST_HOST = "$(BUILT_PRODUCTS_DIR)/LinearMouse.app/Contents/MacOS/LinearMouse";
			};
			name = Debug;
		};
		B7ADF99C2748ED620005B02D /* Release */ = {
			isa = XCBuildConfiguration;
			buildSettings = {
				BUNDLE_LOADER = "$(TEST_HOST)";
				CLANG_CXX_LANGUAGE_STANDARD = "gnu++17";
				COMBINE_HIDPI_IMAGES = YES;
				CURRENT_PROJECT_VERSION = 1;
				GENERATE_INFOPLIST_FILE = YES;
				LD_RUNPATH_SEARCH_PATHS = (
					"$(inherited)",
					"@executable_path/../Frameworks",
					"@loader_path/../Frameworks",
				);
				MACOSX_DEPLOYMENT_TARGET = 11.0;
				MARKETING_VERSION = 1.0;
				PRODUCT_BUNDLE_IDENTIFIER = com.lujjjh.LinearMouseUnitTests;
				PRODUCT_NAME = "$(TARGET_NAME)";
				SWIFT_EMIT_LOC_STRINGS = NO;
				SWIFT_VERSION = 5.0;
				TEST_HOST = "$(BUILT_PRODUCTS_DIR)/LinearMouse.app/Contents/MacOS/LinearMouse";
			};
			name = Release;
		};
/* End XCBuildConfiguration section */

/* Begin XCConfigurationList section */
		B75A06132671E9D800BEAF77 /* Build configuration list for PBXProject "LinearMouse" */ = {
			isa = XCConfigurationList;
			buildConfigurations = (
				B75A06292671E9DA00BEAF77 /* Debug */,
				B75A062A2671E9DA00BEAF77 /* Release */,
			);
			defaultConfigurationIsVisible = 0;
			defaultConfigurationName = Release;
		};
		B75A062B2671E9DA00BEAF77 /* Build configuration list for PBXNativeTarget "LinearMouse" */ = {
			isa = XCConfigurationList;
			buildConfigurations = (
				B75A062C2671E9DA00BEAF77 /* Debug */,
				B75A062D2671E9DA00BEAF77 /* Release */,
			);
			defaultConfigurationIsVisible = 0;
			defaultConfigurationName = Release;
		};
		B7ADF99D2748ED620005B02D /* Build configuration list for PBXNativeTarget "LinearMouseUnitTests" */ = {
			isa = XCConfigurationList;
			buildConfigurations = (
				B7ADF99B2748ED620005B02D /* Debug */,
				B7ADF99C2748ED620005B02D /* Release */,
			);
			defaultConfigurationIsVisible = 0;
			defaultConfigurationName = Release;
		};
/* End XCConfigurationList section */

/* Begin XCRemoteSwiftPackageReference section */
		972A5E2E285D891100CB6440 /* XCRemoteSwiftPackageReference "Defaults" */ = {
			isa = XCRemoteSwiftPackageReference;
			repositoryURL = "https://github.com/sindresorhus/Defaults";
			requirement = {
				branch = main;
				kind = branch;
			};
		};
		977638F7286BE9EE00A698B6 /* XCRemoteSwiftPackageReference "PublishedObject" */ = {
			isa = XCRemoteSwiftPackageReference;
			repositoryURL = "https://github.com/Amzd/PublishedObject";
			requirement = {
				kind = upToNextMajorVersion;
				minimumVersion = 0.2.0;
			};
		};
		978DBCA429AB1732002259B3 /* XCRemoteSwiftPackageReference "JSONPatcher" */ = {
			isa = XCRemoteSwiftPackageReference;
			repositoryURL = "https://github.com/linearmouse/JSONPatcher.git";
			requirement = {
				branch = main;
				kind = branch;
			};
		};
		97FC692B29F44CE000859859 /* XCRemoteSwiftPackageReference "AppMover" */ = {
			isa = XCRemoteSwiftPackageReference;
			repositoryURL = "https://github.com/linearmouse/AppMover";
			requirement = {
				branch = master;
				kind = branch;
			};
		};
		B70A58F4284F987900E5C86E /* XCRemoteSwiftPackageReference "LaunchAtLogin" */ = {
			isa = XCRemoteSwiftPackageReference;
			repositoryURL = "https://github.com/sindresorhus/LaunchAtLogin";
			requirement = {
				kind = upToNextMajorVersion;
				minimumVersion = 5.0.0;
			};
		};
		B73AC54F27C29C7C00F7D3E8 /* XCRemoteSwiftPackageReference "Version" */ = {
			isa = XCRemoteSwiftPackageReference;
			repositoryURL = "https://github.com/mrackwitz/Version.git";
			requirement = {
				kind = upToNextMajorVersion;
				minimumVersion = 0.8.0;
			};
		};
		B784292B278DB06600D207F0 /* XCRemoteSwiftPackageReference "Sparkle" */ = {
			isa = XCRemoteSwiftPackageReference;
			repositoryURL = "https://github.com/lujjjh/Sparkle";
			requirement = {
				kind = upToNextMajorVersion;
				minimumVersion = 2.0.0;
			};
		};
		B7F6C5F627A4F6A800E5400B /* XCRemoteSwiftPackageReference "LRUCache" */ = {
			isa = XCRemoteSwiftPackageReference;
			repositoryURL = "https://github.com/nicklockwood/LRUCache.git";
			requirement = {
				kind = upToNextMajorVersion;
				minimumVersion = 1.0.0;
			};
		};
/* End XCRemoteSwiftPackageReference section */

/* Begin XCSwiftPackageProductDependency section */
		972A5E2F285D891100CB6440 /* Defaults */ = {
			isa = XCSwiftPackageProductDependency;
			package = 972A5E2E285D891100CB6440 /* XCRemoteSwiftPackageReference "Defaults" */;
			productName = Defaults;
		};
		977638F8286BE9EE00A698B6 /* PublishedObject */ = {
			isa = XCSwiftPackageProductDependency;
			package = 977638F7286BE9EE00A698B6 /* XCRemoteSwiftPackageReference "PublishedObject" */;
			productName = PublishedObject;
		};
		978DBCA529AB1732002259B3 /* JSONPatcher */ = {
			isa = XCSwiftPackageProductDependency;
			package = 978DBCA429AB1732002259B3 /* XCRemoteSwiftPackageReference "JSONPatcher" */;
			productName = JSONPatcher;
		};
		97A7A39B28587E8C00EE4833 /* PointerKit */ = {
			isa = XCSwiftPackageProductDependency;
			productName = PointerKit;
		};
		97C5D8FE2856E3CB00CBED2D /* GestureKit */ = {
			isa = XCSwiftPackageProductDependency;
			productName = GestureKit;
		};
		97C97727288FC49F009094BA /* DockKit */ = {
			isa = XCSwiftPackageProductDependency;
			productName = DockKit;
		};
		97C9772C28910E4F009094BA /* KeyKit */ = {
			isa = XCSwiftPackageProductDependency;
			productName = KeyKit;
		};
		97FC692E29F44D0100859859 /* AppMover */ = {
			isa = XCSwiftPackageProductDependency;
			package = 97FC692B29F44CE000859859 /* XCRemoteSwiftPackageReference "AppMover" */;
			productName = AppMover;
		};
		B70A58F5284F987900E5C86E /* LaunchAtLogin */ = {
			isa = XCSwiftPackageProductDependency;
			package = B70A58F4284F987900E5C86E /* XCRemoteSwiftPackageReference "LaunchAtLogin" */;
			productName = LaunchAtLogin;
		};
		B73AC55027C29C7C00F7D3E8 /* Version */ = {
			isa = XCSwiftPackageProductDependency;
			package = B73AC54F27C29C7C00F7D3E8 /* XCRemoteSwiftPackageReference "Version" */;
			productName = Version;
		};
		B784292C278DB06600D207F0 /* Sparkle */ = {
			isa = XCSwiftPackageProductDependency;
			package = B784292B278DB06600D207F0 /* XCRemoteSwiftPackageReference "Sparkle" */;
			productName = Sparkle;
		};
		B7F6C5F727A4F6A800E5400B /* LRUCache */ = {
			isa = XCSwiftPackageProductDependency;
			package = B7F6C5F627A4F6A800E5400B /* XCRemoteSwiftPackageReference "LRUCache" */;
			productName = LRUCache;
		};
/* End XCSwiftPackageProductDependency section */
	};
	rootObject = B75A06102671E9D800BEAF77 /* Project object */;
}
