// !$*UTF8*$!
{
	archiveVersion = 1;
	classes = {
	};
	objectVersion = 52;
	objects = {

/* Begin PBXBuildFile section */
		B71392F426731645004C0173 /* LoginServiceKit in Frameworks */ = {isa = PBXBuildFile; productRef = B71392F326731645004C0173 /* LoginServiceKit */; };
		B75A061C2671E9D800BEAF77 /* AppDelegate.swift in Sources */ = {isa = PBXBuildFile; fileRef = B75A061B2671E9D800BEAF77 /* AppDelegate.swift */; };
		B75A06202671E9DA00BEAF77 /* Assets.xcassets in Resources */ = {isa = PBXBuildFile; fileRef = B75A061F2671E9DA00BEAF77 /* Assets.xcassets */; };
		B75A06232671E9DA00BEAF77 /* Preview Assets.xcassets in Resources */ = {isa = PBXBuildFile; fileRef = B75A06222671E9DA00BEAF77 /* Preview Assets.xcassets */; };
		B75A06262671E9DA00BEAF77 /* Main.storyboard in Resources */ = {isa = PBXBuildFile; fileRef = B75A06242671E9DA00BEAF77 /* Main.storyboard */; };
		B76173442675AD8700CC9412 /* Localizable.strings in Resources */ = {isa = PBXBuildFile; fileRef = B76173462675AD8700CC9412 /* Localizable.strings */; };
		B77A160C26744DB400E99A5D /* StatusItem.swift in Sources */ = {isa = PBXBuildFile; fileRef = B77A160B26744DB400E99A5D /* StatusItem.swift */; };
		B77A160E2674B3DD00E99A5D /* LinearMouse.swift in Sources */ = {isa = PBXBuildFile; fileRef = B77A160D2674B3DD00E99A5D /* LinearMouse.swift */; };
		B77A16102674B85300E99A5D /* AppDefaults.swift in Sources */ = {isa = PBXBuildFile; fileRef = B77A160F2674B85300E99A5D /* AppDefaults.swift */; };
		B77A16122674C21600E99A5D /* PreferencesView.swift in Sources */ = {isa = PBXBuildFile; fileRef = B77A16112674C21600E99A5D /* PreferencesView.swift */; };
		B77A16152674C44100E99A5D /* AppStorage in Frameworks */ = {isa = PBXBuildFile; productRef = B77A16142674C44100E99A5D /* AppStorage */; };
		B77A16172674D88E00E99A5D /* PreferencesWindow.swift in Sources */ = {isa = PBXBuildFile; fileRef = B77A16162674D88E00E99A5D /* PreferencesWindow.swift */; };
		B77A161B2674EF0E00E99A5D /* HyperLink.swift in Sources */ = {isa = PBXBuildFile; fileRef = B77A161A2674EF0E00E99A5D /* HyperLink.swift */; };
		B7BD51812672FEB5001FE742 /* ScrollWheelEventTap.swift in Sources */ = {isa = PBXBuildFile; fileRef = B7BD51802672FEB5001FE742 /* ScrollWheelEventTap.swift */; };
		B7BD5183267300DC001FE742 /* AutoStartManager.swift in Sources */ = {isa = PBXBuildFile; fileRef = B7BD5182267300DC001FE742 /* AutoStartManager.swift */; };
		B7DD796426730A800067F1AD /* LoginServiceKit in Frameworks */ = {isa = PBXBuildFile; productRef = B7DD796326730A800067F1AD /* LoginServiceKit */; };
		B7E897E42675EBB0003C7058 /* MouseAcceleration.swift in Sources */ = {isa = PBXBuildFile; fileRef = B7E897E32675EBB0003C7058 /* MouseAcceleration.swift */; };
/* End PBXBuildFile section */

/* Begin PBXFileReference section */
		B75A06182671E9D800BEAF77 /* LinearMouse.app */ = {isa = PBXFileReference; explicitFileType = wrapper.application; includeInIndex = 0; path = LinearMouse.app; sourceTree = BUILT_PRODUCTS_DIR; };
		B75A061B2671E9D800BEAF77 /* AppDelegate.swift */ = {isa = PBXFileReference; lastKnownFileType = sourcecode.swift; path = AppDelegate.swift; sourceTree = "<group>"; };
		B75A061F2671E9DA00BEAF77 /* Assets.xcassets */ = {isa = PBXFileReference; lastKnownFileType = folder.assetcatalog; path = Assets.xcassets; sourceTree = "<group>"; };
		B75A06222671E9DA00BEAF77 /* Preview Assets.xcassets */ = {isa = PBXFileReference; lastKnownFileType = folder.assetcatalog; path = "Preview Assets.xcassets"; sourceTree = "<group>"; };
		B75A06252671E9DA00BEAF77 /* Base */ = {isa = PBXFileReference; lastKnownFileType = file.storyboard; name = Base; path = Base.lproj/Main.storyboard; sourceTree = "<group>"; };
		B75A06272671E9DA00BEAF77 /* Info.plist */ = {isa = PBXFileReference; lastKnownFileType = text.plist.xml; path = Info.plist; sourceTree = "<group>"; };
		B75A06282671E9DA00BEAF77 /* LinearMouse.entitlements */ = {isa = PBXFileReference; lastKnownFileType = text.plist.entitlements; path = LinearMouse.entitlements; sourceTree = "<group>"; };
		B76173452675AD8700CC9412 /* zh-Hans */ = {isa = PBXFileReference; lastKnownFileType = text.plist.strings; name = "zh-Hans"; path = "zh-Hans.lproj/Localizable.strings"; sourceTree = "<group>"; };
		B77A160B26744DB400E99A5D /* StatusItem.swift */ = {isa = PBXFileReference; lastKnownFileType = sourcecode.swift; path = StatusItem.swift; sourceTree = "<group>"; };
		B77A160D2674B3DD00E99A5D /* LinearMouse.swift */ = {isa = PBXFileReference; lastKnownFileType = sourcecode.swift; path = LinearMouse.swift; sourceTree = "<group>"; };
		B77A160F2674B85300E99A5D /* AppDefaults.swift */ = {isa = PBXFileReference; lastKnownFileType = sourcecode.swift; path = AppDefaults.swift; sourceTree = "<group>"; };
		B77A16112674C21600E99A5D /* PreferencesView.swift */ = {isa = PBXFileReference; lastKnownFileType = sourcecode.swift; path = PreferencesView.swift; sourceTree = "<group>"; };
		B77A16162674D88E00E99A5D /* PreferencesWindow.swift */ = {isa = PBXFileReference; lastKnownFileType = sourcecode.swift; path = PreferencesWindow.swift; sourceTree = "<group>"; };
		B77A161A2674EF0E00E99A5D /* HyperLink.swift */ = {isa = PBXFileReference; lastKnownFileType = sourcecode.swift; path = HyperLink.swift; sourceTree = "<group>"; };
		B7BD51802672FEB5001FE742 /* ScrollWheelEventTap.swift */ = {isa = PBXFileReference; lastKnownFileType = sourcecode.swift; path = ScrollWheelEventTap.swift; sourceTree = "<group>"; };
		B7BD5182267300DC001FE742 /* AutoStartManager.swift */ = {isa = PBXFileReference; lastKnownFileType = sourcecode.swift; path = AutoStartManager.swift; sourceTree = "<group>"; };
		B7E897E22675B1D9003C7058 /* zh-Hant */ = {isa = PBXFileReference; lastKnownFileType = text.plist.strings; name = "zh-Hant"; path = "zh-Hant.lproj/Localizable.strings"; sourceTree = "<group>"; };
		B7E897E32675EBB0003C7058 /* MouseAcceleration.swift */ = {isa = PBXFileReference; lastKnownFileType = sourcecode.swift; path = MouseAcceleration.swift; sourceTree = "<group>"; };
/* End PBXFileReference section */

/* Begin PBXFrameworksBuildPhase section */
		B75A06152671E9D800BEAF77 /* Frameworks */ = {
			isa = PBXFrameworksBuildPhase;
			buildActionMask = 2147483647;
			files = (
				B77A16152674C44100E99A5D /* AppStorage in Frameworks */,
				B7DD796426730A800067F1AD /* LoginServiceKit in Frameworks */,
				B71392F426731645004C0173 /* LoginServiceKit in Frameworks */,
			);
			runOnlyForDeploymentPostprocessing = 0;
		};
/* End PBXFrameworksBuildPhase section */

/* Begin PBXGroup section */
		B75A060F2671E9D800BEAF77 = {
			isa = PBXGroup;
			children = (
				B75A061A2671E9D800BEAF77 /* LinearMouse */,
				B75A06192671E9D800BEAF77 /* Products */,
			);
			sourceTree = "<group>";
		};
		B75A06192671E9D800BEAF77 /* Products */ = {
			isa = PBXGroup;
			children = (
				B75A06182671E9D800BEAF77 /* LinearMouse.app */,
			);
			name = Products;
			sourceTree = "<group>";
		};
		B75A061A2671E9D800BEAF77 /* LinearMouse */ = {
			isa = PBXGroup;
			children = (
				B77A161A2674EF0E00E99A5D /* HyperLink.swift */,
				B75A061B2671E9D800BEAF77 /* AppDelegate.swift */,
				B75A061F2671E9DA00BEAF77 /* Assets.xcassets */,
				B75A06242671E9DA00BEAF77 /* Main.storyboard */,
				B75A06272671E9DA00BEAF77 /* Info.plist */,
				B75A06282671E9DA00BEAF77 /* LinearMouse.entitlements */,
				B75A06212671E9DA00BEAF77 /* Preview Content */,
				B7BD51802672FEB5001FE742 /* ScrollWheelEventTap.swift */,
				B7BD5182267300DC001FE742 /* AutoStartManager.swift */,
				B77A160B26744DB400E99A5D /* StatusItem.swift */,
				B77A160D2674B3DD00E99A5D /* LinearMouse.swift */,
				B77A160F2674B85300E99A5D /* AppDefaults.swift */,
				B77A16112674C21600E99A5D /* PreferencesView.swift */,
				B77A16162674D88E00E99A5D /* PreferencesWindow.swift */,
				B76173462675AD8700CC9412 /* Localizable.strings */,
				B7E897E32675EBB0003C7058 /* MouseAcceleration.swift */,
			);
			path = LinearMouse;
			sourceTree = "<group>";
		};
		B75A06212671E9DA00BEAF77 /* Preview Content */ = {
			isa = PBXGroup;
			children = (
				B75A06222671E9DA00BEAF77 /* Preview Assets.xcassets */,
			);
			path = "Preview Content";
			sourceTree = "<group>";
		};
/* End PBXGroup section */

/* Begin PBXNativeTarget section */
		B75A06172671E9D800BEAF77 /* LinearMouse */ = {
			isa = PBXNativeTarget;
			buildConfigurationList = B75A062B2671E9DA00BEAF77 /* Build configuration list for PBXNativeTarget "LinearMouse" */;
			buildPhases = (
				B75A06142671E9D800BEAF77 /* Sources */,
				B75A06152671E9D800BEAF77 /* Frameworks */,
				B75A06162671E9D800BEAF77 /* Resources */,
			);
			buildRules = (
			);
			dependencies = (
			);
			name = LinearMouse;
			packageProductDependencies = (
				B7DD796326730A800067F1AD /* LoginServiceKit */,
				B71392F326731645004C0173 /* LoginServiceKit */,
				B77A16142674C44100E99A5D /* AppStorage */,
			);
			productName = LinearMouse;
			productReference = B75A06182671E9D800BEAF77 /* LinearMouse.app */;
			productType = "com.apple.product-type.application";
		};
/* End PBXNativeTarget section */

/* Begin PBXProject section */
		B75A06102671E9D800BEAF77 /* Project object */ = {
			isa = PBXProject;
			attributes = {
				LastSwiftUpdateCheck = 1250;
				LastUpgradeCheck = 1250;
				TargetAttributes = {
					B75A06172671E9D800BEAF77 = {
						CreatedOnToolsVersion = 12.5;
					};
				};
			};
			buildConfigurationList = B75A06132671E9D800BEAF77 /* Build configuration list for PBXProject "LinearMouse" */;
			compatibilityVersion = "Xcode 9.3";
			developmentRegion = en;
			hasScannedForEncodings = 0;
			knownRegions = (
				en,
				Base,
				"zh-Hans",
				"zh-Hant",
			);
			mainGroup = B75A060F2671E9D800BEAF77;
			packageReferences = (
				B71392F226731645004C0173 /* XCRemoteSwiftPackageReference "LoginServiceKit" */,
				B77A16132674C44100E99A5D /* XCRemoteSwiftPackageReference "AppStorage" */,
			);
			productRefGroup = B75A06192671E9D800BEAF77 /* Products */;
			projectDirPath = "";
			projectRoot = "";
			targets = (
				B75A06172671E9D800BEAF77 /* LinearMouse */,
			);
		};
/* End PBXProject section */

/* Begin PBXResourcesBuildPhase section */
		B75A06162671E9D800BEAF77 /* Resources */ = {
			isa = PBXResourcesBuildPhase;
			buildActionMask = 2147483647;
			files = (
				B75A06262671E9DA00BEAF77 /* Main.storyboard in Resources */,
				B76173442675AD8700CC9412 /* Localizable.strings in Resources */,
				B75A06232671E9DA00BEAF77 /* Preview Assets.xcassets in Resources */,
				B75A06202671E9DA00BEAF77 /* Assets.xcassets in Resources */,
			);
			runOnlyForDeploymentPostprocessing = 0;
		};
/* End PBXResourcesBuildPhase section */

/* Begin PBXSourcesBuildPhase section */
		B75A06142671E9D800BEAF77 /* Sources */ = {
			isa = PBXSourcesBuildPhase;
			buildActionMask = 2147483647;
			files = (
				B77A16102674B85300E99A5D /* AppDefaults.swift in Sources */,
				B7E897E42675EBB0003C7058 /* MouseAcceleration.swift in Sources */,
				B77A160C26744DB400E99A5D /* StatusItem.swift in Sources */,
				B77A161B2674EF0E00E99A5D /* HyperLink.swift in Sources */,
				B7BD5183267300DC001FE742 /* AutoStartManager.swift in Sources */,
				B77A160E2674B3DD00E99A5D /* LinearMouse.swift in Sources */,
				B77A16172674D88E00E99A5D /* PreferencesWindow.swift in Sources */,
				B75A061C2671E9D800BEAF77 /* AppDelegate.swift in Sources */,
				B7BD51812672FEB5001FE742 /* ScrollWheelEventTap.swift in Sources */,
				B77A16122674C21600E99A5D /* PreferencesView.swift in Sources */,
			);
			runOnlyForDeploymentPostprocessing = 0;
		};
/* End PBXSourcesBuildPhase section */

/* Begin PBXVariantGroup section */
		B75A06242671E9DA00BEAF77 /* Main.storyboard */ = {
			isa = PBXVariantGroup;
			children = (
				B75A06252671E9DA00BEAF77 /* Base */,
			);
			name = Main.storyboard;
			sourceTree = "<group>";
		};
		B76173462675AD8700CC9412 /* Localizable.strings */ = {
			isa = PBXVariantGroup;
			children = (
				B76173452675AD8700CC9412 /* zh-Hans */,
				B7E897E22675B1D9003C7058 /* zh-Hant */,
			);
			name = Localizable.strings;
			sourceTree = "<group>";
		};
/* End PBXVariantGroup section */

/* Begin XCBuildConfiguration section */
		B75A06292671E9DA00BEAF77 /* Debug */ = {
			isa = XCBuildConfiguration;
			buildSettings = {
				ALWAYS_SEARCH_USER_PATHS = NO;
				CLANG_ANALYZER_LOCALIZABILITY_NONLOCALIZED = YES;
				CLANG_ANALYZER_NONNULL = YES;
				CLANG_ANALYZER_NUMBER_OBJECT_CONVERSION = YES_AGGRESSIVE;
				CLANG_CXX_LANGUAGE_STANDARD = "gnu++14";
				CLANG_CXX_LIBRARY = "libc++";
				CLANG_ENABLE_MODULES = YES;
				CLANG_ENABLE_OBJC_ARC = YES;
				CLANG_ENABLE_OBJC_WEAK = YES;
				CLANG_WARN_BLOCK_CAPTURE_AUTORELEASING = YES;
				CLANG_WARN_BOOL_CONVERSION = YES;
				CLANG_WARN_COMMA = YES;
				CLANG_WARN_CONSTANT_CONVERSION = YES;
				CLANG_WARN_DEPRECATED_OBJC_IMPLEMENTATIONS = YES;
				CLANG_WARN_DIRECT_OBJC_ISA_USAGE = YES_ERROR;
				CLANG_WARN_DOCUMENTATION_COMMENTS = YES;
				CLANG_WARN_EMPTY_BODY = YES;
				CLANG_WARN_ENUM_CONVERSION = YES;
				CLANG_WARN_INFINITE_RECURSION = YES;
				CLANG_WARN_INT_CONVERSION = YES;
				CLANG_WARN_NON_LITERAL_NULL_CONVERSION = YES;
				CLANG_WARN_OBJC_IMPLICIT_RETAIN_SELF = YES;
				CLANG_WARN_OBJC_LITERAL_CONVERSION = YES;
				CLANG_WARN_OBJC_ROOT_CLASS = YES_ERROR;
				CLANG_WARN_QUOTED_INCLUDE_IN_FRAMEWORK_HEADER = YES;
				CLANG_WARN_RANGE_LOOP_ANALYSIS = YES;
				CLANG_WARN_STRICT_PROTOTYPES = YES;
				CLANG_WARN_SUSPICIOUS_MOVE = YES;
				CLANG_WARN_UNGUARDED_AVAILABILITY = YES_AGGRESSIVE;
				CLANG_WARN_UNREACHABLE_CODE = YES;
				CLANG_WARN__DUPLICATE_METHOD_MATCH = YES;
				COPY_PHASE_STRIP = NO;
				DEBUG_INFORMATION_FORMAT = dwarf;
				ENABLE_STRICT_OBJC_MSGSEND = YES;
				ENABLE_TESTABILITY = YES;
				GCC_C_LANGUAGE_STANDARD = gnu11;
				GCC_DYNAMIC_NO_PIC = NO;
				GCC_NO_COMMON_BLOCKS = YES;
				GCC_OPTIMIZATION_LEVEL = 0;
				GCC_PREPROCESSOR_DEFINITIONS = (
					"DEBUG=1",
					"$(inherited)",
				);
				GCC_WARN_64_TO_32_BIT_CONVERSION = YES;
				GCC_WARN_ABOUT_RETURN_TYPE = YES_ERROR;
				GCC_WARN_UNDECLARED_SELECTOR = YES;
				GCC_WARN_UNINITIALIZED_AUTOS = YES_AGGRESSIVE;
				GCC_WARN_UNUSED_FUNCTION = YES;
				GCC_WARN_UNUSED_VARIABLE = YES;
				MACOSX_DEPLOYMENT_TARGET = 11.3;
				MTL_ENABLE_DEBUG_INFO = INCLUDE_SOURCE;
				MTL_FAST_MATH = YES;
				ONLY_ACTIVE_ARCH = YES;
				SDKROOT = macosx;
				SWIFT_ACTIVE_COMPILATION_CONDITIONS = DEBUG;
				SWIFT_OPTIMIZATION_LEVEL = "-Onone";
			};
			name = Debug;
		};
		B75A062A2671E9DA00BEAF77 /* Release */ = {
			isa = XCBuildConfiguration;
			buildSettings = {
				ALWAYS_SEARCH_USER_PATHS = NO;
				CLANG_ANALYZER_LOCALIZABILITY_NONLOCALIZED = YES;
				CLANG_ANALYZER_NONNULL = YES;
				CLANG_ANALYZER_NUMBER_OBJECT_CONVERSION = YES_AGGRESSIVE;
				CLANG_CXX_LANGUAGE_STANDARD = "gnu++14";
				CLANG_CXX_LIBRARY = "libc++";
				CLANG_ENABLE_MODULES = YES;
				CLANG_ENABLE_OBJC_ARC = YES;
				CLANG_ENABLE_OBJC_WEAK = YES;
				CLANG_WARN_BLOCK_CAPTURE_AUTORELEASING = YES;
				CLANG_WARN_BOOL_CONVERSION = YES;
				CLANG_WARN_COMMA = YES;
				CLANG_WARN_CONSTANT_CONVERSION = YES;
				CLANG_WARN_DEPRECATED_OBJC_IMPLEMENTATIONS = YES;
				CLANG_WARN_DIRECT_OBJC_ISA_USAGE = YES_ERROR;
				CLANG_WARN_DOCUMENTATION_COMMENTS = YES;
				CLANG_WARN_EMPTY_BODY = YES;
				CLANG_WARN_ENUM_CONVERSION = YES;
				CLANG_WARN_INFINITE_RECURSION = YES;
				CLANG_WARN_INT_CONVERSION = YES;
				CLANG_WARN_NON_LITERAL_NULL_CONVERSION = YES;
				CLANG_WARN_OBJC_IMPLICIT_RETAIN_SELF = YES;
				CLANG_WARN_OBJC_LITERAL_CONVERSION = YES;
				CLANG_WARN_OBJC_ROOT_CLASS = YES_ERROR;
				CLANG_WARN_QUOTED_INCLUDE_IN_FRAMEWORK_HEADER = YES;
				CLANG_WARN_RANGE_LOOP_ANALYSIS = YES;
				CLANG_WARN_STRICT_PROTOTYPES = YES;
				CLANG_WARN_SUSPICIOUS_MOVE = YES;
				CLANG_WARN_UNGUARDED_AVAILABILITY = YES_AGGRESSIVE;
				CLANG_WARN_UNREACHABLE_CODE = YES;
				CLANG_WARN__DUPLICATE_METHOD_MATCH = YES;
				COPY_PHASE_STRIP = NO;
				DEBUG_INFORMATION_FORMAT = "dwarf-with-dsym";
				ENABLE_NS_ASSERTIONS = NO;
				ENABLE_STRICT_OBJC_MSGSEND = YES;
				GCC_C_LANGUAGE_STANDARD = gnu11;
				GCC_NO_COMMON_BLOCKS = YES;
				GCC_WARN_64_TO_32_BIT_CONVERSION = YES;
				GCC_WARN_ABOUT_RETURN_TYPE = YES_ERROR;
				GCC_WARN_UNDECLARED_SELECTOR = YES;
				GCC_WARN_UNINITIALIZED_AUTOS = YES_AGGRESSIVE;
				GCC_WARN_UNUSED_FUNCTION = YES;
				GCC_WARN_UNUSED_VARIABLE = YES;
				MACOSX_DEPLOYMENT_TARGET = 11.3;
				MTL_ENABLE_DEBUG_INFO = NO;
				MTL_FAST_MATH = YES;
				ONLY_ACTIVE_ARCH = NO;
				SDKROOT = macosx;
				SWIFT_COMPILATION_MODE = wholemodule;
				SWIFT_OPTIMIZATION_LEVEL = "-O";
			};
			name = Release;
		};
		B75A062C2671E9DA00BEAF77 /* Debug */ = {
			isa = XCBuildConfiguration;
			buildSettings = {
				ASSETCATALOG_COMPILER_APPICON_NAME = AppIcon;
				ASSETCATALOG_COMPILER_GLOBAL_ACCENT_COLOR_NAME = AccentColor;
				CODE_SIGN_ENTITLEMENTS = LinearMouse/LinearMouse.entitlements;
				CODE_SIGN_STYLE = Automatic;
				COMBINE_HIDPI_IMAGES = YES;
				DEVELOPMENT_ASSET_PATHS = "\"LinearMouse/Preview Content\"";
				ENABLE_PREVIEWS = YES;
				INFOPLIST_FILE = LinearMouse/Info.plist;
				LD_RUNPATH_SEARCH_PATHS = (
					"$(inherited)",
					"@executable_path/../Frameworks",
				);
				MACOSX_DEPLOYMENT_TARGET = 10.15;
				MARKETING_VERSION = 0.2.2;
				PRODUCT_BUNDLE_IDENTIFIER = plus.programming.LinearMouse;
				PRODUCT_NAME = "$(TARGET_NAME)";
				SWIFT_VERSION = 5.0;
			};
			name = Debug;
		};
		B75A062D2671E9DA00BEAF77 /* Release */ = {
			isa = XCBuildConfiguration;
			buildSettings = {
				ASSETCATALOG_COMPILER_APPICON_NAME = AppIcon;
				ASSETCATALOG_COMPILER_GLOBAL_ACCENT_COLOR_NAME = AccentColor;
				CODE_SIGN_ENTITLEMENTS = LinearMouse/LinearMouse.entitlements;
				CODE_SIGN_STYLE = Automatic;
				COMBINE_HIDPI_IMAGES = YES;
				DEVELOPMENT_ASSET_PATHS = "\"LinearMouse/Preview Content\"";
				ENABLE_PREVIEWS = YES;
				INFOPLIST_FILE = LinearMouse/Info.plist;
				LD_RUNPATH_SEARCH_PATHS = (
					"$(inherited)",
					"@executable_path/../Frameworks",
				);
				MACOSX_DEPLOYMENT_TARGET = 10.15;
				MARKETING_VERSION = 0.2.2;
				PRODUCT_BUNDLE_IDENTIFIER = plus.programming.LinearMouse;
				PRODUCT_NAME = "$(TARGET_NAME)";
				SWIFT_VERSION = 5.0;
			};
			name = Release;
		};
/* End XCBuildConfiguration section */

/* Begin XCConfigurationList section */
		B75A06132671E9D800BEAF77 /* Build configuration list for PBXProject "LinearMouse" */ = {
			isa = XCConfigurationList;
			buildConfigurations = (
				B75A06292671E9DA00BEAF77 /* Debug */,
				B75A062A2671E9DA00BEAF77 /* Release */,
			);
			defaultConfigurationIsVisible = 0;
			defaultConfigurationName = Release;
		};
		B75A062B2671E9DA00BEAF77 /* Build configuration list for PBXNativeTarget "LinearMouse" */ = {
			isa = XCConfigurationList;
			buildConfigurations = (
				B75A062C2671E9DA00BEAF77 /* Debug */,
				B75A062D2671E9DA00BEAF77 /* Release */,
			);
			defaultConfigurationIsVisible = 0;
			defaultConfigurationName = Release;
		};
/* End XCConfigurationList section */

/* Begin XCRemoteSwiftPackageReference section */
		B71392F226731645004C0173 /* XCRemoteSwiftPackageReference "LoginServiceKit" */ = {
			isa = XCRemoteSwiftPackageReference;
			repositoryURL = "https://github.com/Clipy/LoginServiceKit";
			requirement = {
				kind = upToNextMajorVersion;
				minimumVersion = 2.2.1;
			};
		};
		B77A16132674C44100E99A5D /* XCRemoteSwiftPackageReference "AppStorage" */ = {
			isa = XCRemoteSwiftPackageReference;
			repositoryURL = "https://github.com/xavierLowmiller/AppStorage.git";
			requirement = {
				kind = upToNextMajorVersion;
				minimumVersion = 1.0.4;
			};
		};
		B7DD796226730A800067F1AD /* XCRemoteSwiftPackageReference "LoginServiceKit" */ = {
			isa = XCRemoteSwiftPackageReference;
			repositoryURL = "https://github.com/Clipy/LoginServiceKit";
			requirement = {
				kind = upToNextMajorVersion;
				minimumVersion = 2.2.1;
			};
		};
/* End XCRemoteSwiftPackageReference section */

/* Begin XCSwiftPackageProductDependency section */
		B71392F326731645004C0173 /* LoginServiceKit */ = {
			isa = XCSwiftPackageProductDependency;
			package = B71392F226731645004C0173 /* XCRemoteSwiftPackageReference "LoginServiceKit" */;
			productName = LoginServiceKit;
		};
		B77A16142674C44100E99A5D /* AppStorage */ = {
			isa = XCSwiftPackageProductDependency;
			package = B77A16132674C44100E99A5D /* XCRemoteSwiftPackageReference "AppStorage" */;
			productName = AppStorage;
		};
		B7DD796326730A800067F1AD /* LoginServiceKit */ = {
			isa = XCSwiftPackageProductDependency;
			package = B7DD796226730A800067F1AD /* XCRemoteSwiftPackageReference "LoginServiceKit" */;
			productName = LoginServiceKit;
		};
/* End XCSwiftPackageProductDependency section */
	};
	rootObject = B75A06102671E9D800BEAF77 /* Project object */;
}
